PODS:
  - RangeSeekSlider (1.8.0)
  - Shuffle-iOS (0.5.0)

DEPENDENCIES:
  - RangeSeekSlider
  - Shuffle-iOS

SPEC REPOS:
  trunk:
    - RangeSeekSlider
    - Shuffle-iOS

SPEC CHECKSUMS:
  RangeSeekSlider: 650b11fa1edcb92e1e0ede797669d98622570fb5
  Shuffle-iOS: ff33658fb1e5eebd6a4724c156473e63754be9cb

PODFILE CHECKSUM: 77b01eeafecc5ff4332110315471322d01d1b1b6

COCOAPODS: 1.11.2
