// !$*UTF8*$!
{
	archiveVersion = 1;
	classes = {
	};
	objectVersion = 55;
	objects = {

/* Begin PBXBuildFile section */
		E50300F728773A5D00611C62 /* AppDelegate.swift in Sources */ = {isa = PBXBuildFile; fileRef = E50300F628773A5D00611C62 /* AppDelegate.swift */; };
		E50300F928773A5D00611C62 /* SceneDelegate.swift in Sources */ = {isa = PBXBuildFile; fileRef = E50300F828773A5D00611C62 /* SceneDelegate.swift */; };
		E50300FB28773A5D00611C62 /* OnboardingViewController.swift in Sources */ = {isa = PBXBuildFile; fileRef = E50300FA28773A5D00611C62 /* OnboardingViewController.swift */; };
		E503010028773A5E00611C62 /* Assets.xcassets in Resources */ = {isa = PBXBuildFile; fileRef = E50300FF28773A5E00611C62 /* Assets.xcassets */; };
		E503010328773A5E00611C62 /* LaunchScreen.storyboard in Resources */ = {isa = PBXBuildFile; fileRef = E503010128773A5E00611C62 /* LaunchScreen.storyboard */; };
		E53086E22879284000A5D0A0 /* HomeRoommateCollectionViewCell.swift in Sources */ = {isa = PBXBuildFile; fileRef = E53086E12879284000A5D0A0 /* HomeRoommateCollectionViewCell.swift */; };
		E53086E42879287100A5D0A0 /* HomeListViewModel.swift in Sources */ = {isa = PBXBuildFile; fileRef = E53086E32879287100A5D0A0 /* HomeListViewModel.swift */; };
		E53086E6287928B400A5D0A0 /* HomePopularCollectionViewCell.swift in Sources */ = {isa = PBXBuildFile; fileRef = E53086E5287928B400A5D0A0 /* HomePopularCollectionViewCell.swift */; };
		E53086E828795D2700A5D0A0 /* HomeCollectionHeaderView.swift in Sources */ = {isa = PBXBuildFile; fileRef = E53086E728795D2700A5D0A0 /* HomeCollectionHeaderView.swift */; };
		E53C60AE287B34D200977909 /* LoginType.swift in Sources */ = {isa = PBXBuildFile; fileRef = E53C60AD287B34D200977909 /* LoginType.swift */; };
		E53C60B0287B37CB00977909 /* CompleteSignUpViewController.swift in Sources */ = {isa = PBXBuildFile; fileRef = E53C60AF287B37CB00977909 /* CompleteSignUpViewController.swift */; };
		E563421828780BDE00E93D17 /* OnboardingListViewModel.swift in Sources */ = {isa = PBXBuildFile; fileRef = E563421728780BDE00E93D17 /* OnboardingListViewModel.swift */; };
		E563421B28780C1800E93D17 /* OnboardingTableViewCell.swift in Sources */ = {isa = PBXBuildFile; fileRef = E563421A28780C1800E93D17 /* OnboardingTableViewCell.swift */; };
		E563421E28780C3800E93D17 /* SnapKit in Frameworks */ = {isa = PBXBuildFile; productRef = E563421D28780C3800E93D17 /* SnapKit */; };
		E56342212878246200E93D17 /* OnboardingTableHeaderView.swift in Sources */ = {isa = PBXBuildFile; fileRef = E56342202878246200E93D17 /* OnboardingTableHeaderView.swift */; };
		E56342232878353100E93D17 /* TabBarController.swift in Sources */ = {isa = PBXBuildFile; fileRef = E56342222878353100E93D17 /* TabBarController.swift */; };
		E563422528784ED400E93D17 /* HomeViewController.swift in Sources */ = {isa = PBXBuildFile; fileRef = E563422428784ED400E93D17 /* HomeViewController.swift */; };
		E5AD7391287A863800BA2C5E /* LoginViewController.swift in Sources */ = {isa = PBXBuildFile; fileRef = E5AD7390287A863800BA2C5E /* LoginViewController.swift */; };
		E5AD7396287A8C2F00BA2C5E /* UIColor+Extensions.swift in Sources */ = {isa = PBXBuildFile; fileRef = E5AD7395287A8C2F00BA2C5E /* UIColor+Extensions.swift */; };
		E5AD7398287A8D8800BA2C5E /* UITextField+Extensions.swift in Sources */ = {isa = PBXBuildFile; fileRef = E5AD7397287A8D8800BA2C5E /* UITextField+Extensions.swift */; };
		E5AD739D287AE08F00BA2C5E /* PopupViewController.swift in Sources */ = {isa = PBXBuildFile; fileRef = E5AD739C287AE08F00BA2C5E /* PopupViewController.swift */; };
		E5AD739F287AEF2D00BA2C5E /* PutEmailViewController.swift in Sources */ = {isa = PBXBuildFile; fileRef = E5AD739E287AEF2D00BA2C5E /* PutEmailViewController.swift */; };
		E5AD73A1287AFC5300BA2C5E /* AuthNumberViewController.swift in Sources */ = {isa = PBXBuildFile; fileRef = E5AD73A0287AFC5300BA2C5E /* AuthNumberViewController.swift */; };
		E5AD73A3287B2B5200BA2C5E /* ConfirmPasswordViewController.swift in Sources */ = {isa = PBXBuildFile; fileRef = E5AD73A2287B2B5200BA2C5E /* ConfirmPasswordViewController.swift */; };
/* End PBXBuildFile section */

/* Begin PBXFileReference section */
		E50300F328773A5D00611C62 /* idorm.app */ = {isa = PBXFileReference; explicitFileType = wrapper.application; includeInIndex = 0; path = idorm.app; sourceTree = BUILT_PRODUCTS_DIR; };
		E50300F628773A5D00611C62 /* AppDelegate.swift */ = {isa = PBXFileReference; lastKnownFileType = sourcecode.swift; path = AppDelegate.swift; sourceTree = "<group>"; };
		E50300F828773A5D00611C62 /* SceneDelegate.swift */ = {isa = PBXFileReference; lastKnownFileType = sourcecode.swift; path = SceneDelegate.swift; sourceTree = "<group>"; };
		E50300FA28773A5D00611C62 /* OnboardingViewController.swift */ = {isa = PBXFileReference; lastKnownFileType = sourcecode.swift; path = OnboardingViewController.swift; sourceTree = "<group>"; };
		E50300FF28773A5E00611C62 /* Assets.xcassets */ = {isa = PBXFileReference; lastKnownFileType = folder.assetcatalog; path = Assets.xcassets; sourceTree = "<group>"; };
		E503010228773A5E00611C62 /* Base */ = {isa = PBXFileReference; lastKnownFileType = file.storyboard; name = Base; path = Base.lproj/LaunchScreen.storyboard; sourceTree = "<group>"; };
		E503010428773A5E00611C62 /* Info.plist */ = {isa = PBXFileReference; lastKnownFileType = text.plist.xml; path = Info.plist; sourceTree = "<group>"; };
		E53086E12879284000A5D0A0 /* HomeRoommateCollectionViewCell.swift */ = {isa = PBXFileReference; lastKnownFileType = sourcecode.swift; path = HomeRoommateCollectionViewCell.swift; sourceTree = "<group>"; };
		E53086E32879287100A5D0A0 /* HomeListViewModel.swift */ = {isa = PBXFileReference; lastKnownFileType = sourcecode.swift; path = HomeListViewModel.swift; sourceTree = "<group>"; };
		E53086E5287928B400A5D0A0 /* HomePopularCollectionViewCell.swift */ = {isa = PBXFileReference; lastKnownFileType = sourcecode.swift; path = HomePopularCollectionViewCell.swift; sourceTree = "<group>"; };
		E53086E728795D2700A5D0A0 /* HomeCollectionHeaderView.swift */ = {isa = PBXFileReference; lastKnownFileType = sourcecode.swift; path = HomeCollectionHeaderView.swift; sourceTree = "<group>"; };
		E53C60AD287B34D200977909 /* LoginType.swift */ = {isa = PBXFileReference; lastKnownFileType = sourcecode.swift; path = LoginType.swift; sourceTree = "<group>"; };
		E53C60AF287B37CB00977909 /* CompleteSignUpViewController.swift */ = {isa = PBXFileReference; lastKnownFileType = sourcecode.swift; path = CompleteSignUpViewController.swift; sourceTree = "<group>"; };
		E563421728780BDE00E93D17 /* OnboardingListViewModel.swift */ = {isa = PBXFileReference; lastKnownFileType = sourcecode.swift; path = OnboardingListViewModel.swift; sourceTree = "<group>"; };
		E563421A28780C1800E93D17 /* OnboardingTableViewCell.swift */ = {isa = PBXFileReference; lastKnownFileType = sourcecode.swift; path = OnboardingTableViewCell.swift; sourceTree = "<group>"; };
		E56342202878246200E93D17 /* OnboardingTableHeaderView.swift */ = {isa = PBXFileReference; lastKnownFileType = sourcecode.swift; path = OnboardingTableHeaderView.swift; sourceTree = "<group>"; };
		E56342222878353100E93D17 /* TabBarController.swift */ = {isa = PBXFileReference; lastKnownFileType = sourcecode.swift; path = TabBarController.swift; sourceTree = "<group>"; };
		E563422428784ED400E93D17 /* HomeViewController.swift */ = {isa = PBXFileReference; lastKnownFileType = sourcecode.swift; path = HomeViewController.swift; sourceTree = "<group>"; };
		E5AD7390287A863800BA2C5E /* LoginViewController.swift */ = {isa = PBXFileReference; lastKnownFileType = sourcecode.swift; path = LoginViewController.swift; sourceTree = "<group>"; };
		E5AD7395287A8C2F00BA2C5E /* UIColor+Extensions.swift */ = {isa = PBXFileReference; lastKnownFileType = sourcecode.swift; path = "UIColor+Extensions.swift"; sourceTree = "<group>"; };
		E5AD7397287A8D8800BA2C5E /* UITextField+Extensions.swift */ = {isa = PBXFileReference; lastKnownFileType = sourcecode.swift; path = "UITextField+Extensions.swift"; sourceTree = "<group>"; };
		E5AD739C287AE08F00BA2C5E /* PopupViewController.swift */ = {isa = PBXFileReference; lastKnownFileType = sourcecode.swift; path = PopupViewController.swift; sourceTree = "<group>"; };
		E5AD739E287AEF2D00BA2C5E /* PutEmailViewController.swift */ = {isa = PBXFileReference; lastKnownFileType = sourcecode.swift; path = PutEmailViewController.swift; sourceTree = "<group>"; };
		E5AD73A0287AFC5300BA2C5E /* AuthNumberViewController.swift */ = {isa = PBXFileReference; lastKnownFileType = sourcecode.swift; path = AuthNumberViewController.swift; sourceTree = "<group>"; };
		E5AD73A2287B2B5200BA2C5E /* ConfirmPasswordViewController.swift */ = {isa = PBXFileReference; lastKnownFileType = sourcecode.swift; path = ConfirmPasswordViewController.swift; sourceTree = "<group>"; };
/* End PBXFileReference section */

/* Begin PBXFrameworksBuildPhase section */
		E50300F028773A5D00611C62 /* Frameworks */ = {
			isa = PBXFrameworksBuildPhase;
			buildActionMask = 2147483647;
			files = (
				E563421E28780C3800E93D17 /* SnapKit in Frameworks */,
			);
			runOnlyForDeploymentPostprocessing = 0;
		};
/* End PBXFrameworksBuildPhase section */

/* Begin PBXGroup section */
		E50300EA28773A5D00611C62 = {
			isa = PBXGroup;
			children = (
				E50300F528773A5D00611C62 /* idorm */,
				E50300F428773A5D00611C62 /* Products */,
			);
			sourceTree = "<group>";
		};
		E50300F428773A5D00611C62 /* Products */ = {
			isa = PBXGroup;
			children = (
				E50300F328773A5D00611C62 /* idorm.app */,
			);
			name = Products;
			sourceTree = "<group>";
		};
		E50300F528773A5D00611C62 /* idorm */ = {
			isa = PBXGroup;
			children = (
				E53C60AC287B34C400977909 /* Utilities */,
				E563421528780A4D00E93D17 /* ViewModels */,
				E563421628780A5200E93D17 /* ViewControllers */,
				E563421928780C0B00E93D17 /* Cells */,
				E563421F2878244A00E93D17 /* Views */,
				E50300F628773A5D00611C62 /* AppDelegate.swift */,
				E50300F828773A5D00611C62 /* SceneDelegate.swift */,
				E5AD7395287A8C2F00BA2C5E /* UIColor+Extensions.swift */,
				E5AD7397287A8D8800BA2C5E /* UITextField+Extensions.swift */,
				E50300FF28773A5E00611C62 /* Assets.xcassets */,
				E503010128773A5E00611C62 /* LaunchScreen.storyboard */,
				E503010428773A5E00611C62 /* Info.plist */,
			);
			path = idorm;
			sourceTree = "<group>";
		};
		E53C60AC287B34C400977909 /* Utilities */ = {
			isa = PBXGroup;
			children = (
				E53C60AD287B34D200977909 /* LoginType.swift */,
			);
			path = Utilities;
			sourceTree = "<group>";
		};
		E563421528780A4D00E93D17 /* ViewModels */ = {
			isa = PBXGroup;
			children = (
				E5AD7399287AB7BC00BA2C5E /* SignUp&Login */,
				E563421728780BDE00E93D17 /* OnboardingListViewModel.swift */,
				E53086E32879287100A5D0A0 /* HomeListViewModel.swift */,
			);
			path = ViewModels;
			sourceTree = "<group>";
		};
		E563421628780A5200E93D17 /* ViewControllers */ = {
			isa = PBXGroup;
			children = (
				E5AD738F287A85F600BA2C5E /* SignUp&Login */,
				E56342222878353100E93D17 /* TabBarController.swift */,
				E50300FA28773A5D00611C62 /* OnboardingViewController.swift */,
				E563422428784ED400E93D17 /* HomeViewController.swift */,
			);
			path = ViewControllers;
			sourceTree = "<group>";
		};
		E563421928780C0B00E93D17 /* Cells */ = {
			isa = PBXGroup;
			children = (
				E563421A28780C1800E93D17 /* OnboardingTableViewCell.swift */,
				E53086E12879284000A5D0A0 /* HomeRoommateCollectionViewCell.swift */,
				E53086E5287928B400A5D0A0 /* HomePopularCollectionViewCell.swift */,
			);
			path = Cells;
			sourceTree = "<group>";
		};
		E563421F2878244A00E93D17 /* Views */ = {
			isa = PBXGroup;
			children = (
				E56342202878246200E93D17 /* OnboardingTableHeaderView.swift */,
				E53086E728795D2700A5D0A0 /* HomeCollectionHeaderView.swift */,
			);
			path = Views;
			sourceTree = "<group>";
		};
		E5AD738F287A85F600BA2C5E /* SignUp&Login */ = {
			isa = PBXGroup;
			children = (
				E5AD7390287A863800BA2C5E /* LoginViewController.swift */,
				E5AD739C287AE08F00BA2C5E /* PopupViewController.swift */,
				E5AD739E287AEF2D00BA2C5E /* PutEmailViewController.swift */,
				E5AD73A0287AFC5300BA2C5E /* AuthNumberViewController.swift */,
				E5AD73A2287B2B5200BA2C5E /* ConfirmPasswordViewController.swift */,
				E53C60AF287B37CB00977909 /* CompleteSignUpViewController.swift */,
			);
			path = "SignUp&Login";
			sourceTree = "<group>";
		};
		E5AD7399287AB7BC00BA2C5E /* SignUp&Login */ = {
			isa = PBXGroup;
			children = (
			);
			path = "SignUp&Login";
			sourceTree = "<group>";
		};
/* End PBXGroup section */

/* Begin PBXNativeTarget section */
		E50300F228773A5D00611C62 /* idorm */ = {
			isa = PBXNativeTarget;
			buildConfigurationList = E503010728773A5E00611C62 /* Build configuration list for PBXNativeTarget "idorm" */;
			buildPhases = (
				E50300EF28773A5D00611C62 /* Sources */,
				E50300F028773A5D00611C62 /* Frameworks */,
				E50300F128773A5D00611C62 /* Resources */,
			);
			buildRules = (
			);
			dependencies = (
			);
			name = idorm;
			packageProductDependencies = (
				E563421D28780C3800E93D17 /* SnapKit */,
			);
			productName = idorm;
			productReference = E50300F328773A5D00611C62 /* idorm.app */;
			productType = "com.apple.product-type.application";
		};
/* End PBXNativeTarget section */

/* Begin PBXProject section */
		E50300EB28773A5D00611C62 /* Project object */ = {
			isa = PBXProject;
			attributes = {
				BuildIndependentTargetsInParallel = 1;
				LastSwiftUpdateCheck = 1340;
				LastUpgradeCheck = 1340;
				TargetAttributes = {
					E50300F228773A5D00611C62 = {
						CreatedOnToolsVersion = 13.4.1;
					};
				};
			};
			buildConfigurationList = E50300EE28773A5D00611C62 /* Build configuration list for PBXProject "idorm" */;
			compatibilityVersion = "Xcode 13.0";
			developmentRegion = en;
			hasScannedForEncodings = 0;
			knownRegions = (
				en,
				Base,
			);
			mainGroup = E50300EA28773A5D00611C62;
			packageReferences = (
				E563421C28780C3800E93D17 /* XCRemoteSwiftPackageReference "SnapKit" */,
			);
			productRefGroup = E50300F428773A5D00611C62 /* Products */;
			projectDirPath = "";
			projectRoot = "";
			targets = (
				E50300F228773A5D00611C62 /* idorm */,
			);
		};
/* End PBXProject section */

/* Begin PBXResourcesBuildPhase section */
		E50300F128773A5D00611C62 /* Resources */ = {
			isa = PBXResourcesBuildPhase;
			buildActionMask = 2147483647;
			files = (
				E503010328773A5E00611C62 /* LaunchScreen.storyboard in Resources */,
				E503010028773A5E00611C62 /* Assets.xcassets in Resources */,
			);
			runOnlyForDeploymentPostprocessing = 0;
		};
/* End PBXResourcesBuildPhase section */

/* Begin PBXSourcesBuildPhase section */
		E50300EF28773A5D00611C62 /* Sources */ = {
			isa = PBXSourcesBuildPhase;
			buildActionMask = 2147483647;
			files = (
				E50300FB28773A5D00611C62 /* OnboardingViewController.swift in Sources */,
				E53086E22879284000A5D0A0 /* HomeRoommateCollectionViewCell.swift in Sources */,
				E5AD73A3287B2B5200BA2C5E /* ConfirmPasswordViewController.swift in Sources */,
				E5AD739D287AE08F00BA2C5E /* PopupViewController.swift in Sources */,
				E53C60B0287B37CB00977909 /* CompleteSignUpViewController.swift in Sources */,
				E50300F728773A5D00611C62 /* AppDelegate.swift in Sources */,
				E5AD7398287A8D8800BA2C5E /* UITextField+Extensions.swift in Sources */,
				E53C60AE287B34D200977909 /* LoginType.swift in Sources */,
				E53086E42879287100A5D0A0 /* HomeListViewModel.swift in Sources */,
				E50300F928773A5D00611C62 /* SceneDelegate.swift in Sources */,
				E53086E6287928B400A5D0A0 /* HomePopularCollectionViewCell.swift in Sources */,
				E53086E828795D2700A5D0A0 /* HomeCollectionHeaderView.swift in Sources */,
				E563422528784ED400E93D17 /* HomeViewController.swift in Sources */,
				E5AD73A1287AFC5300BA2C5E /* AuthNumberViewController.swift in Sources */,
				E56342212878246200E93D17 /* OnboardingTableHeaderView.swift in Sources */,
				E56342232878353100E93D17 /* TabBarController.swift in Sources */,
				E563421828780BDE00E93D17 /* OnboardingListViewModel.swift in Sources */,
				E5AD7396287A8C2F00BA2C5E /* UIColor+Extensions.swift in Sources */,
				E5AD7391287A863800BA2C5E /* LoginViewController.swift in Sources */,
				E5AD739F287AEF2D00BA2C5E /* PutEmailViewController.swift in Sources */,
				E563421B28780C1800E93D17 /* OnboardingTableViewCell.swift in Sources */,
			);
			runOnlyForDeploymentPostprocessing = 0;
		};
/* End PBXSourcesBuildPhase section */

/* Begin PBXVariantGroup section */
		E503010128773A5E00611C62 /* LaunchScreen.storyboard */ = {
			isa = PBXVariantGroup;
			children = (
				E503010228773A5E00611C62 /* Base */,
			);
			name = LaunchScreen.storyboard;
			sourceTree = "<group>";
		};
/* End PBXVariantGroup section */

/* Begin XCBuildConfiguration section */
		E503010528773A5E00611C62 /* Debug */ = {
			isa = XCBuildConfiguration;
			buildSettings = {
				ALWAYS_SEARCH_USER_PATHS = NO;
				CLANG_ANALYZER_NONNULL = YES;
				CLANG_ANALYZER_NUMBER_OBJECT_CONVERSION = YES_AGGRESSIVE;
				CLANG_CXX_LANGUAGE_STANDARD = "gnu++17";
				CLANG_ENABLE_MODULES = YES;
				CLANG_ENABLE_OBJC_ARC = YES;
				CLANG_ENABLE_OBJC_WEAK = YES;
				CLANG_WARN_BLOCK_CAPTURE_AUTORELEASING = YES;
				CLANG_WARN_BOOL_CONVERSION = YES;
				CLANG_WARN_COMMA = YES;
				CLANG_WARN_CONSTANT_CONVERSION = YES;
				CLANG_WARN_DEPRECATED_OBJC_IMPLEMENTATIONS = YES;
				CLANG_WARN_DIRECT_OBJC_ISA_USAGE = YES_ERROR;
				CLANG_WARN_DOCUMENTATION_COMMENTS = YES;
				CLANG_WARN_EMPTY_BODY = YES;
				CLANG_WARN_ENUM_CONVERSION = YES;
				CLANG_WARN_INFINITE_RECURSION = YES;
				CLANG_WARN_INT_CONVERSION = YES;
				CLANG_WARN_NON_LITERAL_NULL_CONVERSION = YES;
				CLANG_WARN_OBJC_IMPLICIT_RETAIN_SELF = YES;
				CLANG_WARN_OBJC_LITERAL_CONVERSION = YES;
				CLANG_WARN_OBJC_ROOT_CLASS = YES_ERROR;
				CLANG_WARN_QUOTED_INCLUDE_IN_FRAMEWORK_HEADER = YES;
				CLANG_WARN_RANGE_LOOP_ANALYSIS = YES;
				CLANG_WARN_STRICT_PROTOTYPES = YES;
				CLANG_WARN_SUSPICIOUS_MOVE = YES;
				CLANG_WARN_UNGUARDED_AVAILABILITY = YES_AGGRESSIVE;
				CLANG_WARN_UNREACHABLE_CODE = YES;
				CLANG_WARN__DUPLICATE_METHOD_MATCH = YES;
				COPY_PHASE_STRIP = NO;
				DEBUG_INFORMATION_FORMAT = dwarf;
				ENABLE_STRICT_OBJC_MSGSEND = YES;
				ENABLE_TESTABILITY = YES;
				GCC_C_LANGUAGE_STANDARD = gnu11;
				GCC_DYNAMIC_NO_PIC = NO;
				GCC_NO_COMMON_BLOCKS = YES;
				GCC_OPTIMIZATION_LEVEL = 0;
				GCC_PREPROCESSOR_DEFINITIONS = (
					"DEBUG=1",
					"$(inherited)",
				);
				GCC_WARN_64_TO_32_BIT_CONVERSION = YES;
				GCC_WARN_ABOUT_RETURN_TYPE = YES_ERROR;
				GCC_WARN_UNDECLARED_SELECTOR = YES;
				GCC_WARN_UNINITIALIZED_AUTOS = YES_AGGRESSIVE;
				GCC_WARN_UNUSED_FUNCTION = YES;
				GCC_WARN_UNUSED_VARIABLE = YES;
				IPHONEOS_DEPLOYMENT_TARGET = 15.5;
				MTL_ENABLE_DEBUG_INFO = INCLUDE_SOURCE;
				MTL_FAST_MATH = YES;
				ONLY_ACTIVE_ARCH = YES;
				SDKROOT = iphoneos;
				SWIFT_ACTIVE_COMPILATION_CONDITIONS = DEBUG;
				SWIFT_OPTIMIZATION_LEVEL = "-Onone";
			};
			name = Debug;
		};
		E503010628773A5E00611C62 /* Release */ = {
			isa = XCBuildConfiguration;
			buildSettings = {
				ALWAYS_SEARCH_USER_PATHS = NO;
				CLANG_ANALYZER_NONNULL = YES;
				CLANG_ANALYZER_NUMBER_OBJECT_CONVERSION = YES_AGGRESSIVE;
				CLANG_CXX_LANGUAGE_STANDARD = "gnu++17";
				CLANG_ENABLE_MODULES = YES;
				CLANG_ENABLE_OBJC_ARC = YES;
				CLANG_ENABLE_OBJC_WEAK = YES;
				CLANG_WARN_BLOCK_CAPTURE_AUTORELEASING = YES;
				CLANG_WARN_BOOL_CONVERSION = YES;
				CLANG_WARN_COMMA = YES;
				CLANG_WARN_CONSTANT_CONVERSION = YES;
				CLANG_WARN_DEPRECATED_OBJC_IMPLEMENTATIONS = YES;
				CLANG_WARN_DIRECT_OBJC_ISA_USAGE = YES_ERROR;
				CLANG_WARN_DOCUMENTATION_COMMENTS = YES;
				CLANG_WARN_EMPTY_BODY = YES;
				CLANG_WARN_ENUM_CONVERSION = YES;
				CLANG_WARN_INFINITE_RECURSION = YES;
				CLANG_WARN_INT_CONVERSION = YES;
				CLANG_WARN_NON_LITERAL_NULL_CONVERSION = YES;
				CLANG_WARN_OBJC_IMPLICIT_RETAIN_SELF = YES;
				CLANG_WARN_OBJC_LITERAL_CONVERSION = YES;
				CLANG_WARN_OBJC_ROOT_CLASS = YES_ERROR;
				CLANG_WARN_QUOTED_INCLUDE_IN_FRAMEWORK_HEADER = YES;
				CLANG_WARN_RANGE_LOOP_ANALYSIS = YES;
				CLANG_WARN_STRICT_PROTOTYPES = YES;
				CLANG_WARN_SUSPICIOUS_MOVE = YES;
				CLANG_WARN_UNGUARDED_AVAILABILITY = YES_AGGRESSIVE;
				CLANG_WARN_UNREACHABLE_CODE = YES;
				CLANG_WARN__DUPLICATE_METHOD_MATCH = YES;
				COPY_PHASE_STRIP = NO;
				DEBUG_INFORMATION_FORMAT = "dwarf-with-dsym";
				ENABLE_NS_ASSERTIONS = NO;
				ENABLE_STRICT_OBJC_MSGSEND = YES;
				GCC_C_LANGUAGE_STANDARD = gnu11;
				GCC_NO_COMMON_BLOCKS = YES;
				GCC_WARN_64_TO_32_BIT_CONVERSION = YES;
				GCC_WARN_ABOUT_RETURN_TYPE = YES_ERROR;
				GCC_WARN_UNDECLARED_SELECTOR = YES;
				GCC_WARN_UNINITIALIZED_AUTOS = YES_AGGRESSIVE;
				GCC_WARN_UNUSED_FUNCTION = YES;
				GCC_WARN_UNUSED_VARIABLE = YES;
				IPHONEOS_DEPLOYMENT_TARGET = 15.5;
				MTL_ENABLE_DEBUG_INFO = NO;
				MTL_FAST_MATH = YES;
				SDKROOT = iphoneos;
				SWIFT_COMPILATION_MODE = wholemodule;
				SWIFT_OPTIMIZATION_LEVEL = "-O";
				VALIDATE_PRODUCT = YES;
			};
			name = Release;
		};
		E503010828773A5E00611C62 /* Debug */ = {
			isa = XCBuildConfiguration;
			buildSettings = {
				ASSETCATALOG_COMPILER_APPICON_NAME = AppIcon;
				ASSETCATALOG_COMPILER_GLOBAL_ACCENT_COLOR_NAME = AccentColor;
				CODE_SIGN_STYLE = Automatic;
				CURRENT_PROJECT_VERSION = 1;
				DEVELOPMENT_TEAM = 95JTZ6AP78;
				GENERATE_INFOPLIST_FILE = YES;
				INFOPLIST_FILE = idorm/Info.plist;
				INFOPLIST_KEY_UIApplicationSupportsIndirectInputEvents = YES;
				INFOPLIST_KEY_UILaunchStoryboardName = LaunchScreen;
				INFOPLIST_KEY_UISupportedInterfaceOrientations_iPad = "UIInterfaceOrientationPortrait UIInterfaceOrientationPortraitUpsideDown UIInterfaceOrientationLandscapeLeft UIInterfaceOrientationLandscapeRight";
				INFOPLIST_KEY_UISupportedInterfaceOrientations_iPhone = "UIInterfaceOrientationPortrait UIInterfaceOrientationLandscapeLeft UIInterfaceOrientationLandscapeRight";
				LD_RUNPATH_SEARCH_PATHS = (
					"$(inherited)",
					"@executable_path/Frameworks",
				);
				MARKETING_VERSION = 1.0;
				PRODUCT_BUNDLE_IDENTIFIER = eungcheol.idorm;
				PRODUCT_NAME = "$(TARGET_NAME)";
				SWIFT_EMIT_LOC_STRINGS = YES;
				SWIFT_VERSION = 5.0;
				TARGETED_DEVICE_FAMILY = "1,2";
			};
			name = Debug;
		};
		E503010928773A5E00611C62 /* Release */ = {
			isa = XCBuildConfiguration;
			buildSettings = {
				ASSETCATALOG_COMPILER_APPICON_NAME = AppIcon;
				ASSETCATALOG_COMPILER_GLOBAL_ACCENT_COLOR_NAME = AccentColor;
				CODE_SIGN_STYLE = Automatic;
				CURRENT_PROJECT_VERSION = 1;
				DEVELOPMENT_TEAM = 95JTZ6AP78;
				GENERATE_INFOPLIST_FILE = YES;
				INFOPLIST_FILE = idorm/Info.plist;
				INFOPLIST_KEY_UIApplicationSupportsIndirectInputEvents = YES;
				INFOPLIST_KEY_UILaunchStoryboardName = LaunchScreen;
				INFOPLIST_KEY_UISupportedInterfaceOrientations_iPad = "UIInterfaceOrientationPortrait UIInterfaceOrientationPortraitUpsideDown UIInterfaceOrientationLandscapeLeft UIInterfaceOrientationLandscapeRight";
				INFOPLIST_KEY_UISupportedInterfaceOrientations_iPhone = "UIInterfaceOrientationPortrait UIInterfaceOrientationLandscapeLeft UIInterfaceOrientationLandscapeRight";
				LD_RUNPATH_SEARCH_PATHS = (
					"$(inherited)",
					"@executable_path/Frameworks",
				);
				MARKETING_VERSION = 1.0;
				PRODUCT_BUNDLE_IDENTIFIER = eungcheol.idorm;
				PRODUCT_NAME = "$(TARGET_NAME)";
				SWIFT_EMIT_LOC_STRINGS = YES;
				SWIFT_VERSION = 5.0;
				TARGETED_DEVICE_FAMILY = "1,2";
			};
			name = Release;
		};
/* End XCBuildConfiguration section */

/* Begin XCConfigurationList section */
		E50300EE28773A5D00611C62 /* Build configuration list for PBXProject "idorm" */ = {
			isa = XCConfigurationList;
			buildConfigurations = (
				E503010528773A5E00611C62 /* Debug */,
				E503010628773A5E00611C62 /* Release */,
			);
			defaultConfigurationIsVisible = 0;
			defaultConfigurationName = Release;
		};
		E503010728773A5E00611C62 /* Build configuration list for PBXNativeTarget "idorm" */ = {
			isa = XCConfigurationList;
			buildConfigurations = (
				E503010828773A5E00611C62 /* Debug */,
				E503010928773A5E00611C62 /* Release */,
			);
			defaultConfigurationIsVisible = 0;
			defaultConfigurationName = Release;
		};
/* End XCConfigurationList section */

/* Begin XCRemoteSwiftPackageReference section */
		E563421C28780C3800E93D17 /* XCRemoteSwiftPackageReference "SnapKit" */ = {
			isa = XCRemoteSwiftPackageReference;
			repositoryURL = "https://github.com/SnapKit/SnapKit.git";
			requirement = {
				kind = upToNextMinorVersion;
				minimumVersion = 5.6.0;
			};
		};
/* End XCRemoteSwiftPackageReference section */

/* Begin XCSwiftPackageProductDependency section */
		E563421D28780C3800E93D17 /* SnapKit */ = {
			isa = XCSwiftPackageProductDependency;
			package = E563421C28780C3800E93D17 /* XCRemoteSwiftPackageReference "SnapKit" */;
			productName = SnapKit;
		};
/* End XCSwiftPackageProductDependency section */
	};
	rootObject = E50300EB28773A5D00611C62 /* Project object */;
}
