// !$*UTF8*$!
{
	archiveVersion = 1;
	classes = {
	};
	objectVersion = 55;
	objects = {

/* Begin PBXBuildFile section */
		E50300F728773A5D00611C62 /* AppDelegate.swift in Sources */ = {isa = PBXBuildFile; fileRef = E50300F628773A5D00611C62 /* AppDelegate.swift */; };
		E50300F928773A5D00611C62 /* SceneDelegate.swift in Sources */ = {isa = PBXBuildFile; fileRef = E50300F828773A5D00611C62 /* SceneDelegate.swift */; };
		E50300FB28773A5D00611C62 /* OnboardingViewController.swift in Sources */ = {isa = PBXBuildFile; fileRef = E50300FA28773A5D00611C62 /* OnboardingViewController.swift */; };
		E503010028773A5E00611C62 /* Assets.xcassets in Resources */ = {isa = PBXBuildFile; fileRef = E50300FF28773A5E00611C62 /* Assets.xcassets */; };
		E503010328773A5E00611C62 /* LaunchScreen.storyboard in Resources */ = {isa = PBXBuildFile; fileRef = E503010128773A5E00611C62 /* LaunchScreen.storyboard */; };
		E508436C288133AD0047A2EC /* LoginUtilities.swift in Sources */ = {isa = PBXBuildFile; fileRef = E508436B288133AD0047A2EC /* LoginUtilities.swift */; };
		E508436E28813BF40047A2EC /* NotoSansCJKkr-Bold.otf in Resources */ = {isa = PBXBuildFile; fileRef = E508436D28813BF40047A2EC /* NotoSansCJKkr-Bold.otf */; };
		E508437028813C030047A2EC /* NotoSansCJKkr-Medium.otf in Resources */ = {isa = PBXBuildFile; fileRef = E508436F28813C030047A2EC /* NotoSansCJKkr-Medium.otf */; };
		E508437428813C220047A2EC /* NotoSansCJKkr-Regular.otf in Resources */ = {isa = PBXBuildFile; fileRef = E508437328813C220047A2EC /* NotoSansCJKkr-Regular.otf */; };
		E508437728813CE80047A2EC /* FontManager.swift in Sources */ = {isa = PBXBuildFile; fileRef = E508437628813CE80047A2EC /* FontManager.swift */; };
		E508437B28814CAB0047A2EC /* AuthViewController.swift in Sources */ = {isa = PBXBuildFile; fileRef = E508437A28814CAB0047A2EC /* AuthViewController.swift */; };
		E5290EFD2887BBA40004B8E6 /* CommunityPopularCollectionVIewCell.swift in Sources */ = {isa = PBXBuildFile; fileRef = E5290EFC2887BBA30004B8E6 /* CommunityPopularCollectionVIewCell.swift */; };
		E5290EFF2887BBB00004B8E6 /* CommunityPostCollectionViewCell.swift in Sources */ = {isa = PBXBuildFile; fileRef = E5290EFE2887BBB00004B8E6 /* CommunityPostCollectionViewCell.swift */; };
		E5290F06288818E70004B8E6 /* CommunityDetailViewController.swift in Sources */ = {isa = PBXBuildFile; fileRef = E5290F05288818E70004B8E6 /* CommunityDetailViewController.swift */; };
		E5290F0928881C6E0004B8E6 /* CommunityDetailCollectionHeaderView.swift in Sources */ = {isa = PBXBuildFile; fileRef = E5290F0828881C6E0004B8E6 /* CommunityDetailCollectionHeaderView.swift */; };
		E5290F0C288832630004B8E6 /* RSKGrowingTextView in Frameworks */ = {isa = PBXBuildFile; productRef = E5290F0B288832630004B8E6 /* RSKGrowingTextView */; };
		E5290F0E288867E50004B8E6 /* CommunityDetailTableViewCell.swift in Sources */ = {isa = PBXBuildFile; fileRef = E5290F0D288867E50004B8E6 /* CommunityDetailTableViewCell.swift */; };
		E5290F10288869700004B8E6 /* CommunityDetailHeaderCollectionViewCell.swift in Sources */ = {isa = PBXBuildFile; fileRef = E5290F0F288869700004B8E6 /* CommunityDetailHeaderCollectionViewCell.swift */; };
		E5290F1228886D7A0004B8E6 /* CommunityUtilities.swift in Sources */ = {isa = PBXBuildFile; fileRef = E5290F1128886D7A0004B8E6 /* CommunityUtilities.swift */; };
		E53086E22879284000A5D0A0 /* HomeRoommateCollectionViewCell.swift in Sources */ = {isa = PBXBuildFile; fileRef = E53086E12879284000A5D0A0 /* HomeRoommateCollectionViewCell.swift */; };
		E53086E42879287100A5D0A0 /* HomeListViewModel.swift in Sources */ = {isa = PBXBuildFile; fileRef = E53086E32879287100A5D0A0 /* HomeListViewModel.swift */; };
		E53086E6287928B400A5D0A0 /* HomePopularCollectionViewCell.swift in Sources */ = {isa = PBXBuildFile; fileRef = E53086E5287928B400A5D0A0 /* HomePopularCollectionViewCell.swift */; };
		E53086E828795D2700A5D0A0 /* HomeCollectionHeaderView.swift in Sources */ = {isa = PBXBuildFile; fileRef = E53086E728795D2700A5D0A0 /* HomeCollectionHeaderView.swift */; };
		E53C60B0287B37CB00977909 /* CompleteSignUpViewController.swift in Sources */ = {isa = PBXBuildFile; fileRef = E53C60AF287B37CB00977909 /* CompleteSignUpViewController.swift */; };
		E55794E8287C09B4002DB2B0 /* OnboardingContainerViewController.swift in Sources */ = {isa = PBXBuildFile; fileRef = E55794E7287C09B4002DB2B0 /* OnboardingContainerViewController.swift */; };
		E55794EC287C1EA4002DB2B0 /* OnboardingDetailViewController.swift in Sources */ = {isa = PBXBuildFile; fileRef = E55794EB287C1EA4002DB2B0 /* OnboardingDetailViewController.swift */; };
		E55794EE287C36F5002DB2B0 /* UIView+Extensions.swift in Sources */ = {isa = PBXBuildFile; fileRef = E55794ED287C36F5002DB2B0 /* UIView+Extensions.swift */; };
		E55794F0287C496D002DB2B0 /* OnboardingDetailTableViewCell.swift in Sources */ = {isa = PBXBuildFile; fileRef = E55794EF287C496D002DB2B0 /* OnboardingDetailTableViewCell.swift */; };
		E563421828780BDE00E93D17 /* OnboardingListViewModel.swift in Sources */ = {isa = PBXBuildFile; fileRef = E563421728780BDE00E93D17 /* OnboardingListViewModel.swift */; };
		E563421B28780C1800E93D17 /* OnboardingTableViewCell.swift in Sources */ = {isa = PBXBuildFile; fileRef = E563421A28780C1800E93D17 /* OnboardingTableViewCell.swift */; };
		E563421E28780C3800E93D17 /* SnapKit in Frameworks */ = {isa = PBXBuildFile; productRef = E563421D28780C3800E93D17 /* SnapKit */; };
		E56342212878246200E93D17 /* OnboardingTableHeaderView.swift in Sources */ = {isa = PBXBuildFile; fileRef = E56342202878246200E93D17 /* OnboardingTableHeaderView.swift */; };
		E56342232878353100E93D17 /* TabBarController.swift in Sources */ = {isa = PBXBuildFile; fileRef = E56342222878353100E93D17 /* TabBarController.swift */; };
		E563422528784ED400E93D17 /* HomeViewController.swift in Sources */ = {isa = PBXBuildFile; fileRef = E563422428784ED400E93D17 /* HomeViewController.swift */; };
		E57FB84F2886E1520050BBAE /* RxCocoa in Frameworks */ = {isa = PBXBuildFile; productRef = E57FB84E2886E1520050BBAE /* RxCocoa */; };
		E57FB8512886E1520050BBAE /* RxRelay in Frameworks */ = {isa = PBXBuildFile; productRef = E57FB8502886E1520050BBAE /* RxRelay */; };
		E57FB8532886E1520050BBAE /* RxSwift in Frameworks */ = {isa = PBXBuildFile; productRef = E57FB8522886E1520050BBAE /* RxSwift */; };
		E57FB8562886E2710050BBAE /* PhotoLibrary+Extensions.swift in Sources */ = {isa = PBXBuildFile; fileRef = E57FB8552886E2710050BBAE /* PhotoLibrary+Extensions.swift */; };
		E58ACB85288465970031BD86 /* FMPhotoPicker in Frameworks */ = {isa = PBXBuildFile; productRef = E58ACB84288465970031BD86 /* FMPhotoPicker */; };
		E58ACB8728846E050031BD86 /* ImagePickerViewController.swift in Sources */ = {isa = PBXBuildFile; fileRef = E58ACB8628846E050031BD86 /* ImagePickerViewController.swift */; };
		E58F96FB2884E85B00CC3C75 /* ImagePickerCollectionViewCell.swift in Sources */ = {isa = PBXBuildFile; fileRef = E58F96FA2884E85B00CC3C75 /* ImagePickerCollectionViewCell.swift */; };
		E58F96FD28857A4100CC3C75 /* PostingPictureCollectionViewCell.swift in Sources */ = {isa = PBXBuildFile; fileRef = E58F96FC28857A4100CC3C75 /* PostingPictureCollectionViewCell.swift */; };
		E5AC2DCB2882F24000B82AD8 /* OnboardingTextFieldContainerView.swift in Sources */ = {isa = PBXBuildFile; fileRef = E5AC2DCA2882F24000B82AD8 /* OnboardingTextFieldContainerView.swift */; };
		E5AC2DCF288303A300B82AD8 /* LoginPasswordTextFieldContainerView.swift in Sources */ = {isa = PBXBuildFile; fileRef = E5AC2DCE288303A300B82AD8 /* LoginPasswordTextFieldContainerView.swift */; };
		E5AD7391287A863800BA2C5E /* LoginViewController.swift in Sources */ = {isa = PBXBuildFile; fileRef = E5AD7390287A863800BA2C5E /* LoginViewController.swift */; };
		E5AD7396287A8C2F00BA2C5E /* UIColor+Extensions.swift in Sources */ = {isa = PBXBuildFile; fileRef = E5AD7395287A8C2F00BA2C5E /* UIColor+Extensions.swift */; };
		E5AD7398287A8D8800BA2C5E /* UITextField+Extensions.swift in Sources */ = {isa = PBXBuildFile; fileRef = E5AD7397287A8D8800BA2C5E /* UITextField+Extensions.swift */; };
		E5AD739D287AE08F00BA2C5E /* LoginPopupViewController.swift in Sources */ = {isa = PBXBuildFile; fileRef = E5AD739C287AE08F00BA2C5E /* LoginPopupViewController.swift */; };
		E5AD739F287AEF2D00BA2C5E /* PutEmailViewController.swift in Sources */ = {isa = PBXBuildFile; fileRef = E5AD739E287AEF2D00BA2C5E /* PutEmailViewController.swift */; };
		E5AD73A1287AFC5300BA2C5E /* AuthNumberViewController.swift in Sources */ = {isa = PBXBuildFile; fileRef = E5AD73A0287AFC5300BA2C5E /* AuthNumberViewController.swift */; };
		E5AD73A3287B2B5200BA2C5E /* ConfirmPasswordViewController.swift in Sources */ = {isa = PBXBuildFile; fileRef = E5AD73A2287B2B5200BA2C5E /* ConfirmPasswordViewController.swift */; };
		E5B15F6D287FCEFE004D4164 /* RSKPlaceholderTextView in Frameworks */ = {isa = PBXBuildFile; productRef = E5B15F6C287FCEFE004D4164 /* RSKPlaceholderTextView */; };
		E5B15F6F287FE355004D4164 /* OnboardingImageViewController.swift in Sources */ = {isa = PBXBuildFile; fileRef = E5B15F6E287FE355004D4164 /* OnboardingImageViewController.swift */; };
		E5BF4C5F28840EBF00B4F0B8 /* PostingViewController.swift in Sources */ = {isa = PBXBuildFile; fileRef = E5BF4C5E28840EBF00B4F0B8 /* PostingViewController.swift */; };
		E5C889062889729800CBD04E /* PanModal in Frameworks */ = {isa = PBXBuildFile; productRef = E5C889052889729800CBD04E /* PanModal */; };
		E5C88908288972E000CBD04E /* CommunityAlertViewController.swift in Sources */ = {isa = PBXBuildFile; fileRef = E5C88907288972E000CBD04E /* CommunityAlertViewController.swift */; };
		E5D49008288B7F0400311493 /* CommunityPopupViewController.swift in Sources */ = {isa = PBXBuildFile; fileRef = E5D49007288B7F0400311493 /* CommunityPopupViewController.swift */; };
		E5D4900B288BFA0200311493 /* MatchingViewController.swift in Sources */ = {isa = PBXBuildFile; fileRef = E5D4900A288BFA0200311493 /* MatchingViewController.swift */; };
		E5D4900E288BFB9100311493 /* MyInfo.swift in Sources */ = {isa = PBXBuildFile; fileRef = E5D4900D288BFB9100311493 /* MyInfo.swift */; };
		E5D49010288BFFFD00311493 /* Utilities.swift in Sources */ = {isa = PBXBuildFile; fileRef = E5D4900F288BFFFD00311493 /* Utilities.swift */; };
		E5D49012288C003800311493 /* MyInfoView.swift in Sources */ = {isa = PBXBuildFile; fileRef = E5D49011288C003800311493 /* MyInfoView.swift */; };
		E5F5EC722883C70C0026DE21 /* WebMailViewController.swift in Sources */ = {isa = PBXBuildFile; fileRef = E5F5EC712883C70C0026DE21 /* WebMailViewController.swift */; };
		E5F5EC742884025E0026DE21 /* CommunityViewController.swift in Sources */ = {isa = PBXBuildFile; fileRef = E5F5EC732884025E0026DE21 /* CommunityViewController.swift */; };
		E5F5EC762884027D0026DE21 /* CalandarViewController.swift in Sources */ = {isa = PBXBuildFile; fileRef = E5F5EC752884027D0026DE21 /* CalandarViewController.swift */; };
		E5F5EC78288402840026DE21 /* MypageViewController.swift in Sources */ = {isa = PBXBuildFile; fileRef = E5F5EC77288402840026DE21 /* MypageViewController.swift */; };
		E5FBBB872880304900A7158D /* SECRET.swift in Sources */ = {isa = PBXBuildFile; fileRef = E5FBBB862880304900A7158D /* SECRET.swift */; };
/* End PBXBuildFile section */

/* Begin PBXFileReference section */
		E50300F328773A5D00611C62 /* idorm.app */ = {isa = PBXFileReference; explicitFileType = wrapper.application; includeInIndex = 0; path = idorm.app; sourceTree = BUILT_PRODUCTS_DIR; };
		E50300F628773A5D00611C62 /* AppDelegate.swift */ = {isa = PBXFileReference; lastKnownFileType = sourcecode.swift; path = AppDelegate.swift; sourceTree = "<group>"; };
		E50300F828773A5D00611C62 /* SceneDelegate.swift */ = {isa = PBXFileReference; lastKnownFileType = sourcecode.swift; path = SceneDelegate.swift; sourceTree = "<group>"; };
		E50300FA28773A5D00611C62 /* OnboardingViewController.swift */ = {isa = PBXFileReference; lastKnownFileType = sourcecode.swift; path = OnboardingViewController.swift; sourceTree = "<group>"; };
		E50300FF28773A5E00611C62 /* Assets.xcassets */ = {isa = PBXFileReference; lastKnownFileType = folder.assetcatalog; path = Assets.xcassets; sourceTree = "<group>"; };
		E503010228773A5E00611C62 /* Base */ = {isa = PBXFileReference; lastKnownFileType = file.storyboard; name = Base; path = Base.lproj/LaunchScreen.storyboard; sourceTree = "<group>"; };
		E503010428773A5E00611C62 /* Info.plist */ = {isa = PBXFileReference; lastKnownFileType = text.plist.xml; path = Info.plist; sourceTree = "<group>"; };
		E508436B288133AD0047A2EC /* LoginUtilities.swift */ = {isa = PBXFileReference; lastKnownFileType = sourcecode.swift; path = LoginUtilities.swift; sourceTree = "<group>"; };
		E508436D28813BF40047A2EC /* NotoSansCJKkr-Bold.otf */ = {isa = PBXFileReference; lastKnownFileType = file; path = "NotoSansCJKkr-Bold.otf"; sourceTree = "<group>"; };
		E508436F28813C030047A2EC /* NotoSansCJKkr-Medium.otf */ = {isa = PBXFileReference; lastKnownFileType = file; path = "NotoSansCJKkr-Medium.otf"; sourceTree = "<group>"; };
		E508437328813C220047A2EC /* NotoSansCJKkr-Regular.otf */ = {isa = PBXFileReference; lastKnownFileType = file; path = "NotoSansCJKkr-Regular.otf"; sourceTree = "<group>"; };
		E508437628813CE80047A2EC /* FontManager.swift */ = {isa = PBXFileReference; lastKnownFileType = sourcecode.swift; path = FontManager.swift; sourceTree = "<group>"; };
		E508437A28814CAB0047A2EC /* AuthViewController.swift */ = {isa = PBXFileReference; lastKnownFileType = sourcecode.swift; path = AuthViewController.swift; sourceTree = "<group>"; };
		E5290EFC2887BBA30004B8E6 /* CommunityPopularCollectionVIewCell.swift */ = {isa = PBXFileReference; lastKnownFileType = sourcecode.swift; path = CommunityPopularCollectionVIewCell.swift; sourceTree = "<group>"; };
		E5290EFE2887BBB00004B8E6 /* CommunityPostCollectionViewCell.swift */ = {isa = PBXFileReference; lastKnownFileType = sourcecode.swift; path = CommunityPostCollectionViewCell.swift; sourceTree = "<group>"; };
		E5290F05288818E70004B8E6 /* CommunityDetailViewController.swift */ = {isa = PBXFileReference; lastKnownFileType = sourcecode.swift; path = CommunityDetailViewController.swift; sourceTree = "<group>"; };
		E5290F0828881C6E0004B8E6 /* CommunityDetailCollectionHeaderView.swift */ = {isa = PBXFileReference; lastKnownFileType = sourcecode.swift; path = CommunityDetailCollectionHeaderView.swift; sourceTree = "<group>"; };
		E5290F0D288867E50004B8E6 /* CommunityDetailTableViewCell.swift */ = {isa = PBXFileReference; lastKnownFileType = sourcecode.swift; path = CommunityDetailTableViewCell.swift; sourceTree = "<group>"; };
		E5290F0F288869700004B8E6 /* CommunityDetailHeaderCollectionViewCell.swift */ = {isa = PBXFileReference; lastKnownFileType = sourcecode.swift; path = CommunityDetailHeaderCollectionViewCell.swift; sourceTree = "<group>"; };
		E5290F1128886D7A0004B8E6 /* CommunityUtilities.swift */ = {isa = PBXFileReference; lastKnownFileType = sourcecode.swift; path = CommunityUtilities.swift; sourceTree = "<group>"; };
		E53086E12879284000A5D0A0 /* HomeRoommateCollectionViewCell.swift */ = {isa = PBXFileReference; lastKnownFileType = sourcecode.swift; path = HomeRoommateCollectionViewCell.swift; sourceTree = "<group>"; };
		E53086E32879287100A5D0A0 /* HomeListViewModel.swift */ = {isa = PBXFileReference; lastKnownFileType = sourcecode.swift; path = HomeListViewModel.swift; sourceTree = "<group>"; };
		E53086E5287928B400A5D0A0 /* HomePopularCollectionViewCell.swift */ = {isa = PBXFileReference; lastKnownFileType = sourcecode.swift; path = HomePopularCollectionViewCell.swift; sourceTree = "<group>"; };
		E53086E728795D2700A5D0A0 /* HomeCollectionHeaderView.swift */ = {isa = PBXFileReference; lastKnownFileType = sourcecode.swift; path = HomeCollectionHeaderView.swift; sourceTree = "<group>"; };
		E53C60AF287B37CB00977909 /* CompleteSignUpViewController.swift */ = {isa = PBXFileReference; lastKnownFileType = sourcecode.swift; path = CompleteSignUpViewController.swift; sourceTree = "<group>"; };
		E55794E7287C09B4002DB2B0 /* OnboardingContainerViewController.swift */ = {isa = PBXFileReference; lastKnownFileType = sourcecode.swift; path = OnboardingContainerViewController.swift; sourceTree = "<group>"; };
		E55794EB287C1EA4002DB2B0 /* OnboardingDetailViewController.swift */ = {isa = PBXFileReference; lastKnownFileType = sourcecode.swift; path = OnboardingDetailViewController.swift; sourceTree = "<group>"; };
		E55794ED287C36F5002DB2B0 /* UIView+Extensions.swift */ = {isa = PBXFileReference; lastKnownFileType = sourcecode.swift; path = "UIView+Extensions.swift"; sourceTree = "<group>"; };
		E55794EF287C496D002DB2B0 /* OnboardingDetailTableViewCell.swift */ = {isa = PBXFileReference; lastKnownFileType = sourcecode.swift; path = OnboardingDetailTableViewCell.swift; sourceTree = "<group>"; };
		E563421728780BDE00E93D17 /* OnboardingListViewModel.swift */ = {isa = PBXFileReference; lastKnownFileType = sourcecode.swift; path = OnboardingListViewModel.swift; sourceTree = "<group>"; };
		E563421A28780C1800E93D17 /* OnboardingTableViewCell.swift */ = {isa = PBXFileReference; lastKnownFileType = sourcecode.swift; path = OnboardingTableViewCell.swift; sourceTree = "<group>"; };
		E56342202878246200E93D17 /* OnboardingTableHeaderView.swift */ = {isa = PBXFileReference; lastKnownFileType = sourcecode.swift; path = OnboardingTableHeaderView.swift; sourceTree = "<group>"; };
		E56342222878353100E93D17 /* TabBarController.swift */ = {isa = PBXFileReference; lastKnownFileType = sourcecode.swift; path = TabBarController.swift; sourceTree = "<group>"; };
		E563422428784ED400E93D17 /* HomeViewController.swift */ = {isa = PBXFileReference; lastKnownFileType = sourcecode.swift; path = HomeViewController.swift; sourceTree = "<group>"; };
		E57FB8552886E2710050BBAE /* PhotoLibrary+Extensions.swift */ = {isa = PBXFileReference; lastKnownFileType = sourcecode.swift; path = "PhotoLibrary+Extensions.swift"; sourceTree = "<group>"; };
		E58ACB8628846E050031BD86 /* ImagePickerViewController.swift */ = {isa = PBXFileReference; lastKnownFileType = sourcecode.swift; path = ImagePickerViewController.swift; sourceTree = "<group>"; };
		E58F96FA2884E85B00CC3C75 /* ImagePickerCollectionViewCell.swift */ = {isa = PBXFileReference; lastKnownFileType = sourcecode.swift; path = ImagePickerCollectionViewCell.swift; sourceTree = "<group>"; };
		E58F96FC28857A4100CC3C75 /* PostingPictureCollectionViewCell.swift */ = {isa = PBXFileReference; lastKnownFileType = sourcecode.swift; path = PostingPictureCollectionViewCell.swift; sourceTree = "<group>"; };
		E5AC2DCA2882F24000B82AD8 /* OnboardingTextFieldContainerView.swift */ = {isa = PBXFileReference; lastKnownFileType = sourcecode.swift; path = OnboardingTextFieldContainerView.swift; sourceTree = "<group>"; };
		E5AC2DCE288303A300B82AD8 /* LoginPasswordTextFieldContainerView.swift */ = {isa = PBXFileReference; lastKnownFileType = sourcecode.swift; path = LoginPasswordTextFieldContainerView.swift; sourceTree = "<group>"; };
		E5AD7390287A863800BA2C5E /* LoginViewController.swift */ = {isa = PBXFileReference; lastKnownFileType = sourcecode.swift; path = LoginViewController.swift; sourceTree = "<group>"; };
		E5AD7395287A8C2F00BA2C5E /* UIColor+Extensions.swift */ = {isa = PBXFileReference; lastKnownFileType = sourcecode.swift; path = "UIColor+Extensions.swift"; sourceTree = "<group>"; };
		E5AD7397287A8D8800BA2C5E /* UITextField+Extensions.swift */ = {isa = PBXFileReference; lastKnownFileType = sourcecode.swift; path = "UITextField+Extensions.swift"; sourceTree = "<group>"; };
		E5AD739C287AE08F00BA2C5E /* LoginPopupViewController.swift */ = {isa = PBXFileReference; lastKnownFileType = sourcecode.swift; path = LoginPopupViewController.swift; sourceTree = "<group>"; };
		E5AD739E287AEF2D00BA2C5E /* PutEmailViewController.swift */ = {isa = PBXFileReference; lastKnownFileType = sourcecode.swift; path = PutEmailViewController.swift; sourceTree = "<group>"; };
		E5AD73A0287AFC5300BA2C5E /* AuthNumberViewController.swift */ = {isa = PBXFileReference; lastKnownFileType = sourcecode.swift; path = AuthNumberViewController.swift; sourceTree = "<group>"; };
		E5AD73A2287B2B5200BA2C5E /* ConfirmPasswordViewController.swift */ = {isa = PBXFileReference; lastKnownFileType = sourcecode.swift; path = ConfirmPasswordViewController.swift; sourceTree = "<group>"; };
		E5B15F6E287FE355004D4164 /* OnboardingImageViewController.swift */ = {isa = PBXFileReference; lastKnownFileType = sourcecode.swift; path = OnboardingImageViewController.swift; sourceTree = "<group>"; };
		E5BF4C5E28840EBF00B4F0B8 /* PostingViewController.swift */ = {isa = PBXFileReference; lastKnownFileType = sourcecode.swift; path = PostingViewController.swift; sourceTree = "<group>"; };
		E5C88907288972E000CBD04E /* CommunityAlertViewController.swift */ = {isa = PBXFileReference; lastKnownFileType = sourcecode.swift; path = CommunityAlertViewController.swift; sourceTree = "<group>"; };
		E5D49007288B7F0400311493 /* CommunityPopupViewController.swift */ = {isa = PBXFileReference; lastKnownFileType = sourcecode.swift; path = CommunityPopupViewController.swift; sourceTree = "<group>"; };
		E5D4900A288BFA0200311493 /* MatchingViewController.swift */ = {isa = PBXFileReference; lastKnownFileType = sourcecode.swift; path = MatchingViewController.swift; sourceTree = "<group>"; };
		E5D4900D288BFB9100311493 /* MyInfo.swift */ = {isa = PBXFileReference; lastKnownFileType = sourcecode.swift; path = MyInfo.swift; sourceTree = "<group>"; };
		E5D4900F288BFFFD00311493 /* Utilities.swift */ = {isa = PBXFileReference; lastKnownFileType = sourcecode.swift; path = Utilities.swift; sourceTree = "<group>"; };
		E5D49011288C003800311493 /* MyInfoView.swift */ = {isa = PBXFileReference; lastKnownFileType = sourcecode.swift; path = MyInfoView.swift; sourceTree = "<group>"; };
		E5F5EC712883C70C0026DE21 /* WebMailViewController.swift */ = {isa = PBXFileReference; lastKnownFileType = sourcecode.swift; path = WebMailViewController.swift; sourceTree = "<group>"; };
		E5F5EC732884025E0026DE21 /* CommunityViewController.swift */ = {isa = PBXFileReference; lastKnownFileType = sourcecode.swift; path = CommunityViewController.swift; sourceTree = "<group>"; };
		E5F5EC752884027D0026DE21 /* CalandarViewController.swift */ = {isa = PBXFileReference; lastKnownFileType = sourcecode.swift; path = CalandarViewController.swift; sourceTree = "<group>"; };
		E5F5EC77288402840026DE21 /* MypageViewController.swift */ = {isa = PBXFileReference; lastKnownFileType = sourcecode.swift; path = MypageViewController.swift; sourceTree = "<group>"; };
		E5FBBB862880304900A7158D /* SECRET.swift */ = {isa = PBXFileReference; lastKnownFileType = sourcecode.swift; path = SECRET.swift; sourceTree = "<group>"; };
/* End PBXFileReference section */

/* Begin PBXFrameworksBuildPhase section */
		E50300F028773A5D00611C62 /* Frameworks */ = {
			isa = PBXFrameworksBuildPhase;
			buildActionMask = 2147483647;
			files = (
				E57FB8512886E1520050BBAE /* RxRelay in Frameworks */,
				E5290F0C288832630004B8E6 /* RSKGrowingTextView in Frameworks */,
				E58ACB85288465970031BD86 /* FMPhotoPicker in Frameworks */,
				E563421E28780C3800E93D17 /* SnapKit in Frameworks */,
				E5C889062889729800CBD04E /* PanModal in Frameworks */,
				E57FB84F2886E1520050BBAE /* RxCocoa in Frameworks */,
				E5B15F6D287FCEFE004D4164 /* RSKPlaceholderTextView in Frameworks */,
				E57FB8532886E1520050BBAE /* RxSwift in Frameworks */,
			);
			runOnlyForDeploymentPostprocessing = 0;
		};
/* End PBXFrameworksBuildPhase section */

/* Begin PBXGroup section */
		E50300EA28773A5D00611C62 = {
			isa = PBXGroup;
			children = (
				E50300F528773A5D00611C62 /* idorm */,
				E50300F428773A5D00611C62 /* Products */,
			);
			sourceTree = "<group>";
		};
		E50300F428773A5D00611C62 /* Products */ = {
			isa = PBXGroup;
			children = (
				E50300F328773A5D00611C62 /* idorm.app */,
			);
			name = Products;
			sourceTree = "<group>";
		};
		E50300F528773A5D00611C62 /* idorm */ = {
			isa = PBXGroup;
			children = (
				E5FBBB862880304900A7158D /* SECRET.swift */,
				E50300F628773A5D00611C62 /* AppDelegate.swift */,
				E50300F828773A5D00611C62 /* SceneDelegate.swift */,
				E508437628813CE80047A2EC /* FontManager.swift */,
				E563421528780A4D00E93D17 /* ViewModels */,
				E563421628780A5200E93D17 /* ViewControllers */,
				E563421928780C0B00E93D17 /* Cells */,
				E563421F2878244A00E93D17 /* Views */,
				E5D4900C288BFB7E00311493 /* Models */,
				E5084367288133570047A2EC /* Extensions */,
				E53C60AC287B34C400977909 /* Utilities */,
				E508437528813C270047A2EC /* Fonts */,
				E50300FF28773A5E00611C62 /* Assets.xcassets */,
				E503010128773A5E00611C62 /* LaunchScreen.storyboard */,
				E503010428773A5E00611C62 /* Info.plist */,
			);
			path = idorm;
			sourceTree = "<group>";
		};
		E5084367288133570047A2EC /* Extensions */ = {
			isa = PBXGroup;
			children = (
				E5AD7395287A8C2F00BA2C5E /* UIColor+Extensions.swift */,
				E5AD7397287A8D8800BA2C5E /* UITextField+Extensions.swift */,
				E55794ED287C36F5002DB2B0 /* UIView+Extensions.swift */,
				E57FB8552886E2710050BBAE /* PhotoLibrary+Extensions.swift */,
			);
			path = Extensions;
			sourceTree = "<group>";
		};
		E508437528813C270047A2EC /* Fonts */ = {
			isa = PBXGroup;
			children = (
				E508436D28813BF40047A2EC /* NotoSansCJKkr-Bold.otf */,
				E508437328813C220047A2EC /* NotoSansCJKkr-Regular.otf */,
				E508436F28813C030047A2EC /* NotoSansCJKkr-Medium.otf */,
			);
			path = Fonts;
			sourceTree = "<group>";
		};
		E508437C28814CB10047A2EC /* Auth */ = {
			isa = PBXGroup;
			children = (
				E508437A28814CAB0047A2EC /* AuthViewController.swift */,
				E5AD73A0287AFC5300BA2C5E /* AuthNumberViewController.swift */,
				E5F5EC712883C70C0026DE21 /* WebMailViewController.swift */,
			);
			path = Auth;
			sourceTree = "<group>";
		};
		E5290F0728881C380004B8E6 /* Community */ = {
			isa = PBXGroup;
			children = (
				E5290F0828881C6E0004B8E6 /* CommunityDetailCollectionHeaderView.swift */,
			);
			path = Community;
			sourceTree = "<group>";
		};
		E53C60AC287B34C400977909 /* Utilities */ = {
			isa = PBXGroup;
			children = (
				E5D4900F288BFFFD00311493 /* Utilities.swift */,
				E5290F1128886D7A0004B8E6 /* CommunityUtilities.swift */,
				E508436B288133AD0047A2EC /* LoginUtilities.swift */,
			);
			path = Utilities;
			sourceTree = "<group>";
		};
		E55794E6287C09A2002DB2B0 /* Onboarding */ = {
			isa = PBXGroup;
			children = (
				E55794E7287C09B4002DB2B0 /* OnboardingContainerViewController.swift */,
				E50300FA28773A5D00611C62 /* OnboardingViewController.swift */,
				E55794EB287C1EA4002DB2B0 /* OnboardingDetailViewController.swift */,
				E5B15F6E287FE355004D4164 /* OnboardingImageViewController.swift */,
			);
			path = Onboarding;
			sourceTree = "<group>";
		};
		E5602DC5288441E700C2C4BB /* Home */ = {
			isa = PBXGroup;
			children = (
				E563422428784ED400E93D17 /* HomeViewController.swift */,
			);
			path = Home;
			sourceTree = "<group>";
		};
		E563421528780A4D00E93D17 /* ViewModels */ = {
			isa = PBXGroup;
			children = (
				E5AD7399287AB7BC00BA2C5E /* Login */,
				E563421728780BDE00E93D17 /* OnboardingListViewModel.swift */,
				E53086E32879287100A5D0A0 /* HomeListViewModel.swift */,
			);
			path = ViewModels;
			sourceTree = "<group>";
		};
		E563421628780A5200E93D17 /* ViewControllers */ = {
			isa = PBXGroup;
			children = (
				E56342222878353100E93D17 /* TabBarController.swift */,
				E5AD738F287A85F600BA2C5E /* Login */,
				E55794E6287C09A2002DB2B0 /* Onboarding */,
				E5602DC5288441E700C2C4BB /* Home */,
				E5D49009288BF9E000311493 /* Matching */,
				E5F5EC79288404060026DE21 /* Community */,
				E5F5EC752884027D0026DE21 /* CalandarViewController.swift */,
				E5F5EC77288402840026DE21 /* MypageViewController.swift */,
			);
			path = ViewControllers;
			sourceTree = "<group>";
		};
		E563421928780C0B00E93D17 /* Cells */ = {
			isa = PBXGroup;
			children = (
				E58ACB89288472480031BD86 /* Community */,
				E58ACB88288472410031BD86 /* Onboarding */,
				E53086E12879284000A5D0A0 /* HomeRoommateCollectionViewCell.swift */,
				E53086E5287928B400A5D0A0 /* HomePopularCollectionViewCell.swift */,
			);
			path = Cells;
			sourceTree = "<group>";
		};
		E563421F2878244A00E93D17 /* Views */ = {
			isa = PBXGroup;
			children = (
				E5D49011288C003800311493 /* MyInfoView.swift */,
				E5AC2DD0288303B100B82AD8 /* Login */,
				E5AC2DCC2882F46F00B82AD8 /* Onboarding */,
				E5AC2DCD2882F47700B82AD8 /* Home */,
				E5290F0728881C380004B8E6 /* Community */,
			);
			path = Views;
			sourceTree = "<group>";
		};
		E58ACB88288472410031BD86 /* Onboarding */ = {
			isa = PBXGroup;
			children = (
				E563421A28780C1800E93D17 /* OnboardingTableViewCell.swift */,
				E55794EF287C496D002DB2B0 /* OnboardingDetailTableViewCell.swift */,
			);
			path = Onboarding;
			sourceTree = "<group>";
		};
		E58ACB89288472480031BD86 /* Community */ = {
			isa = PBXGroup;
			children = (
				E5290EFC2887BBA30004B8E6 /* CommunityPopularCollectionVIewCell.swift */,
				E5290EFE2887BBB00004B8E6 /* CommunityPostCollectionViewCell.swift */,
				E5290F0D288867E50004B8E6 /* CommunityDetailTableViewCell.swift */,
				E5290F0F288869700004B8E6 /* CommunityDetailHeaderCollectionViewCell.swift */,
				E58F96FC28857A4100CC3C75 /* PostingPictureCollectionViewCell.swift */,
				E58F96FA2884E85B00CC3C75 /* ImagePickerCollectionViewCell.swift */,
			);
			path = Community;
			sourceTree = "<group>";
		};
		E5AC2DCC2882F46F00B82AD8 /* Onboarding */ = {
			isa = PBXGroup;
			children = (
				E5AC2DCA2882F24000B82AD8 /* OnboardingTextFieldContainerView.swift */,
				E56342202878246200E93D17 /* OnboardingTableHeaderView.swift */,
			);
			path = Onboarding;
			sourceTree = "<group>";
		};
		E5AC2DCD2882F47700B82AD8 /* Home */ = {
			isa = PBXGroup;
			children = (
				E53086E728795D2700A5D0A0 /* HomeCollectionHeaderView.swift */,
			);
			path = Home;
			sourceTree = "<group>";
		};
		E5AC2DD0288303B100B82AD8 /* Login */ = {
			isa = PBXGroup;
			children = (
				E5AC2DCE288303A300B82AD8 /* LoginPasswordTextFieldContainerView.swift */,
			);
			path = Login;
			sourceTree = "<group>";
		};
		E5AD738F287A85F600BA2C5E /* Login */ = {
			isa = PBXGroup;
			children = (
				E508437C28814CB10047A2EC /* Auth */,
				E5AD7390287A863800BA2C5E /* LoginViewController.swift */,
				E5AD739E287AEF2D00BA2C5E /* PutEmailViewController.swift */,
				E5AD73A2287B2B5200BA2C5E /* ConfirmPasswordViewController.swift */,
				E53C60AF287B37CB00977909 /* CompleteSignUpViewController.swift */,
				E5AD739C287AE08F00BA2C5E /* LoginPopupViewController.swift */,
			);
			path = Login;
			sourceTree = "<group>";
		};
		E5AD7399287AB7BC00BA2C5E /* Login */ = {
			isa = PBXGroup;
			children = (
			);
			path = Login;
			sourceTree = "<group>";
		};
		E5D49009288BF9E000311493 /* Matching */ = {
			isa = PBXGroup;
			children = (
				E5D4900A288BFA0200311493 /* MatchingViewController.swift */,
			);
			path = Matching;
			sourceTree = "<group>";
		};
		E5D4900C288BFB7E00311493 /* Models */ = {
			isa = PBXGroup;
			children = (
				E5D4900D288BFB9100311493 /* MyInfo.swift */,
			);
			path = Models;
			sourceTree = "<group>";
		};
		E5F5EC79288404060026DE21 /* Community */ = {
			isa = PBXGroup;
			children = (
				E5F5EC732884025E0026DE21 /* CommunityViewController.swift */,
				E5290F05288818E70004B8E6 /* CommunityDetailViewController.swift */,
				E5BF4C5E28840EBF00B4F0B8 /* PostingViewController.swift */,
				E58ACB8628846E050031BD86 /* ImagePickerViewController.swift */,
				E5C88907288972E000CBD04E /* CommunityAlertViewController.swift */,
				E5D49007288B7F0400311493 /* CommunityPopupViewController.swift */,
			);
			path = Community;
			sourceTree = "<group>";
		};
/* End PBXGroup section */

/* Begin PBXNativeTarget section */
		E50300F228773A5D00611C62 /* idorm */ = {
			isa = PBXNativeTarget;
			buildConfigurationList = E503010728773A5E00611C62 /* Build configuration list for PBXNativeTarget "idorm" */;
			buildPhases = (
				E50300EF28773A5D00611C62 /* Sources */,
				E50300F028773A5D00611C62 /* Frameworks */,
				E50300F128773A5D00611C62 /* Resources */,
			);
			buildRules = (
			);
			dependencies = (
			);
			name = idorm;
			packageProductDependencies = (
				E563421D28780C3800E93D17 /* SnapKit */,
				E5B15F6C287FCEFE004D4164 /* RSKPlaceholderTextView */,
				E58ACB84288465970031BD86 /* FMPhotoPicker */,
				E57FB84E2886E1520050BBAE /* RxCocoa */,
				E57FB8502886E1520050BBAE /* RxRelay */,
				E57FB8522886E1520050BBAE /* RxSwift */,
				E5290F0B288832630004B8E6 /* RSKGrowingTextView */,
				E5C889052889729800CBD04E /* PanModal */,
			);
			productName = idorm;
			productReference = E50300F328773A5D00611C62 /* idorm.app */;
			productType = "com.apple.product-type.application";
		};
/* End PBXNativeTarget section */

/* Begin PBXProject section */
		E50300EB28773A5D00611C62 /* Project object */ = {
			isa = PBXProject;
			attributes = {
				BuildIndependentTargetsInParallel = 1;
				LastSwiftUpdateCheck = 1340;
				LastUpgradeCheck = 1340;
				TargetAttributes = {
					E50300F228773A5D00611C62 = {
						CreatedOnToolsVersion = 13.4.1;
					};
				};
			};
			buildConfigurationList = E50300EE28773A5D00611C62 /* Build configuration list for PBXProject "idorm" */;
			compatibilityVersion = "Xcode 13.0";
			developmentRegion = en;
			hasScannedForEncodings = 0;
			knownRegions = (
				en,
				Base,
			);
			mainGroup = E50300EA28773A5D00611C62;
			packageReferences = (
				E563421C28780C3800E93D17 /* XCRemoteSwiftPackageReference "SnapKit" */,
				E5B15F6B287FCEFE004D4164 /* XCRemoteSwiftPackageReference "RSKPlaceholderTextView" */,
				E58ACB83288465970031BD86 /* XCRemoteSwiftPackageReference "FMPhotoPicker" */,
				E57FB84D2886E1520050BBAE /* XCRemoteSwiftPackageReference "RxSwift" */,
				E5290F0A288832630004B8E6 /* XCRemoteSwiftPackageReference "RSKGrowingTextView" */,
				E5C889042889729800CBD04E /* XCRemoteSwiftPackageReference "PanModal" */,
			);
			productRefGroup = E50300F428773A5D00611C62 /* Products */;
			projectDirPath = "";
			projectRoot = "";
			targets = (
				E50300F228773A5D00611C62 /* idorm */,
			);
		};
/* End PBXProject section */

/* Begin PBXResourcesBuildPhase section */
		E50300F128773A5D00611C62 /* Resources */ = {
			isa = PBXResourcesBuildPhase;
			buildActionMask = 2147483647;
			files = (
				E508437428813C220047A2EC /* NotoSansCJKkr-Regular.otf in Resources */,
				E503010328773A5E00611C62 /* LaunchScreen.storyboard in Resources */,
				E503010028773A5E00611C62 /* Assets.xcassets in Resources */,
				E508436E28813BF40047A2EC /* NotoSansCJKkr-Bold.otf in Resources */,
				E508437028813C030047A2EC /* NotoSansCJKkr-Medium.otf in Resources */,
			);
			runOnlyForDeploymentPostprocessing = 0;
		};
/* End PBXResourcesBuildPhase section */

/* Begin PBXSourcesBuildPhase section */
		E50300EF28773A5D00611C62 /* Sources */ = {
			isa = PBXSourcesBuildPhase;
			buildActionMask = 2147483647;
			files = (
				E50300FB28773A5D00611C62 /* OnboardingViewController.swift in Sources */,
				E53086E22879284000A5D0A0 /* HomeRoommateCollectionViewCell.swift in Sources */,
				E5AD73A3287B2B5200BA2C5E /* ConfirmPasswordViewController.swift in Sources */,
				E5AD739D287AE08F00BA2C5E /* LoginPopupViewController.swift in Sources */,
				E53C60B0287B37CB00977909 /* CompleteSignUpViewController.swift in Sources */,
				E5290F0928881C6E0004B8E6 /* CommunityDetailCollectionHeaderView.swift in Sources */,
				E50300F728773A5D00611C62 /* AppDelegate.swift in Sources */,
				E55794EE287C36F5002DB2B0 /* UIView+Extensions.swift in Sources */,
				E5AD7398287A8D8800BA2C5E /* UITextField+Extensions.swift in Sources */,
				E5FBBB872880304900A7158D /* SECRET.swift in Sources */,
				E508437728813CE80047A2EC /* FontManager.swift in Sources */,
				E53086E42879287100A5D0A0 /* HomeListViewModel.swift in Sources */,
				E5F5EC742884025E0026DE21 /* CommunityViewController.swift in Sources */,
				E5AC2DCF288303A300B82AD8 /* LoginPasswordTextFieldContainerView.swift in Sources */,
				E5290F10288869700004B8E6 /* CommunityDetailHeaderCollectionViewCell.swift in Sources */,
				E55794E8287C09B4002DB2B0 /* OnboardingContainerViewController.swift in Sources */,
				E5290F0E288867E50004B8E6 /* CommunityDetailTableViewCell.swift in Sources */,
				E57FB8562886E2710050BBAE /* PhotoLibrary+Extensions.swift in Sources */,
				E50300F928773A5D00611C62 /* SceneDelegate.swift in Sources */,
				E5D4900B288BFA0200311493 /* MatchingViewController.swift in Sources */,
				E53086E6287928B400A5D0A0 /* HomePopularCollectionViewCell.swift in Sources */,
				E53086E828795D2700A5D0A0 /* HomeCollectionHeaderView.swift in Sources */,
				E563422528784ED400E93D17 /* HomeViewController.swift in Sources */,
				E5AD73A1287AFC5300BA2C5E /* AuthNumberViewController.swift in Sources */,
				E5C88908288972E000CBD04E /* CommunityAlertViewController.swift in Sources */,
				E55794F0287C496D002DB2B0 /* OnboardingDetailTableViewCell.swift in Sources */,
				E5290EFF2887BBB00004B8E6 /* CommunityPostCollectionViewCell.swift in Sources */,
				E5290F06288818E70004B8E6 /* CommunityDetailViewController.swift in Sources */,
				E58F96FD28857A4100CC3C75 /* PostingPictureCollectionViewCell.swift in Sources */,
				E58F96FB2884E85B00CC3C75 /* ImagePickerCollectionViewCell.swift in Sources */,
				E5D49010288BFFFD00311493 /* Utilities.swift in Sources */,
				E5AC2DCB2882F24000B82AD8 /* OnboardingTextFieldContainerView.swift in Sources */,
				E56342212878246200E93D17 /* OnboardingTableHeaderView.swift in Sources */,
				E508436C288133AD0047A2EC /* LoginUtilities.swift in Sources */,
				E56342232878353100E93D17 /* TabBarController.swift in Sources */,
				E5F5EC762884027D0026DE21 /* CalandarViewController.swift in Sources */,
				E58ACB8728846E050031BD86 /* ImagePickerViewController.swift in Sources */,
				E508437B28814CAB0047A2EC /* AuthViewController.swift in Sources */,
				E5F5EC78288402840026DE21 /* MypageViewController.swift in Sources */,
				E5BF4C5F28840EBF00B4F0B8 /* PostingViewController.swift in Sources */,
				E5D4900E288BFB9100311493 /* MyInfo.swift in Sources */,
				E563421828780BDE00E93D17 /* OnboardingListViewModel.swift in Sources */,
				E5D49008288B7F0400311493 /* CommunityPopupViewController.swift in Sources */,
				E5AD7396287A8C2F00BA2C5E /* UIColor+Extensions.swift in Sources */,
				E5D49012288C003800311493 /* MyInfoView.swift in Sources */,
				E5AD7391287A863800BA2C5E /* LoginViewController.swift in Sources */,
				E5AD739F287AEF2D00BA2C5E /* PutEmailViewController.swift in Sources */,
				E5F5EC722883C70C0026DE21 /* WebMailViewController.swift in Sources */,
				E5290EFD2887BBA40004B8E6 /* CommunityPopularCollectionVIewCell.swift in Sources */,
				E55794EC287C1EA4002DB2B0 /* OnboardingDetailViewController.swift in Sources */,
				E563421B28780C1800E93D17 /* OnboardingTableViewCell.swift in Sources */,
				E5290F1228886D7A0004B8E6 /* CommunityUtilities.swift in Sources */,
				E5B15F6F287FE355004D4164 /* OnboardingImageViewController.swift in Sources */,
			);
			runOnlyForDeploymentPostprocessing = 0;
		};
/* End PBXSourcesBuildPhase section */

/* Begin PBXVariantGroup section */
		E503010128773A5E00611C62 /* LaunchScreen.storyboard */ = {
			isa = PBXVariantGroup;
			children = (
				E503010228773A5E00611C62 /* Base */,
			);
			name = LaunchScreen.storyboard;
			sourceTree = "<group>";
		};
/* End PBXVariantGroup section */

/* Begin XCBuildConfiguration section */
		E503010528773A5E00611C62 /* Debug */ = {
			isa = XCBuildConfiguration;
			buildSettings = {
				ALWAYS_SEARCH_USER_PATHS = NO;
				CLANG_ANALYZER_NONNULL = YES;
				CLANG_ANALYZER_NUMBER_OBJECT_CONVERSION = YES_AGGRESSIVE;
				CLANG_CXX_LANGUAGE_STANDARD = "gnu++17";
				CLANG_ENABLE_MODULES = YES;
				CLANG_ENABLE_OBJC_ARC = YES;
				CLANG_ENABLE_OBJC_WEAK = YES;
				CLANG_WARN_BLOCK_CAPTURE_AUTORELEASING = YES;
				CLANG_WARN_BOOL_CONVERSION = YES;
				CLANG_WARN_COMMA = YES;
				CLANG_WARN_CONSTANT_CONVERSION = YES;
				CLANG_WARN_DEPRECATED_OBJC_IMPLEMENTATIONS = YES;
				CLANG_WARN_DIRECT_OBJC_ISA_USAGE = YES_ERROR;
				CLANG_WARN_DOCUMENTATION_COMMENTS = YES;
				CLANG_WARN_EMPTY_BODY = YES;
				CLANG_WARN_ENUM_CONVERSION = YES;
				CLANG_WARN_INFINITE_RECURSION = YES;
				CLANG_WARN_INT_CONVERSION = YES;
				CLANG_WARN_NON_LITERAL_NULL_CONVERSION = YES;
				CLANG_WARN_OBJC_IMPLICIT_RETAIN_SELF = YES;
				CLANG_WARN_OBJC_LITERAL_CONVERSION = YES;
				CLANG_WARN_OBJC_ROOT_CLASS = YES_ERROR;
				CLANG_WARN_QUOTED_INCLUDE_IN_FRAMEWORK_HEADER = YES;
				CLANG_WARN_RANGE_LOOP_ANALYSIS = YES;
				CLANG_WARN_STRICT_PROTOTYPES = YES;
				CLANG_WARN_SUSPICIOUS_MOVE = YES;
				CLANG_WARN_UNGUARDED_AVAILABILITY = YES_AGGRESSIVE;
				CLANG_WARN_UNREACHABLE_CODE = YES;
				CLANG_WARN__DUPLICATE_METHOD_MATCH = YES;
				COPY_PHASE_STRIP = NO;
				DEBUG_INFORMATION_FORMAT = dwarf;
				ENABLE_STRICT_OBJC_MSGSEND = YES;
				ENABLE_TESTABILITY = YES;
				GCC_C_LANGUAGE_STANDARD = gnu11;
				GCC_DYNAMIC_NO_PIC = NO;
				GCC_NO_COMMON_BLOCKS = YES;
				GCC_OPTIMIZATION_LEVEL = 0;
				GCC_PREPROCESSOR_DEFINITIONS = (
					"DEBUG=1",
					"$(inherited)",
				);
				GCC_WARN_64_TO_32_BIT_CONVERSION = YES;
				GCC_WARN_ABOUT_RETURN_TYPE = YES_ERROR;
				GCC_WARN_UNDECLARED_SELECTOR = YES;
				GCC_WARN_UNINITIALIZED_AUTOS = YES_AGGRESSIVE;
				GCC_WARN_UNUSED_FUNCTION = YES;
				GCC_WARN_UNUSED_VARIABLE = YES;
				IPHONEOS_DEPLOYMENT_TARGET = 15.5;
				MTL_ENABLE_DEBUG_INFO = INCLUDE_SOURCE;
				MTL_FAST_MATH = YES;
				ONLY_ACTIVE_ARCH = YES;
				SDKROOT = iphoneos;
				SWIFT_ACTIVE_COMPILATION_CONDITIONS = DEBUG;
				SWIFT_OPTIMIZATION_LEVEL = "-Onone";
			};
			name = Debug;
		};
		E503010628773A5E00611C62 /* Release */ = {
			isa = XCBuildConfiguration;
			buildSettings = {
				ALWAYS_SEARCH_USER_PATHS = NO;
				CLANG_ANALYZER_NONNULL = YES;
				CLANG_ANALYZER_NUMBER_OBJECT_CONVERSION = YES_AGGRESSIVE;
				CLANG_CXX_LANGUAGE_STANDARD = "gnu++17";
				CLANG_ENABLE_MODULES = YES;
				CLANG_ENABLE_OBJC_ARC = YES;
				CLANG_ENABLE_OBJC_WEAK = YES;
				CLANG_WARN_BLOCK_CAPTURE_AUTORELEASING = YES;
				CLANG_WARN_BOOL_CONVERSION = YES;
				CLANG_WARN_COMMA = YES;
				CLANG_WARN_CONSTANT_CONVERSION = YES;
				CLANG_WARN_DEPRECATED_OBJC_IMPLEMENTATIONS = YES;
				CLANG_WARN_DIRECT_OBJC_ISA_USAGE = YES_ERROR;
				CLANG_WARN_DOCUMENTATION_COMMENTS = YES;
				CLANG_WARN_EMPTY_BODY = YES;
				CLANG_WARN_ENUM_CONVERSION = YES;
				CLANG_WARN_INFINITE_RECURSION = YES;
				CLANG_WARN_INT_CONVERSION = YES;
				CLANG_WARN_NON_LITERAL_NULL_CONVERSION = YES;
				CLANG_WARN_OBJC_IMPLICIT_RETAIN_SELF = YES;
				CLANG_WARN_OBJC_LITERAL_CONVERSION = YES;
				CLANG_WARN_OBJC_ROOT_CLASS = YES_ERROR;
				CLANG_WARN_QUOTED_INCLUDE_IN_FRAMEWORK_HEADER = YES;
				CLANG_WARN_RANGE_LOOP_ANALYSIS = YES;
				CLANG_WARN_STRICT_PROTOTYPES = YES;
				CLANG_WARN_SUSPICIOUS_MOVE = YES;
				CLANG_WARN_UNGUARDED_AVAILABILITY = YES_AGGRESSIVE;
				CLANG_WARN_UNREACHABLE_CODE = YES;
				CLANG_WARN__DUPLICATE_METHOD_MATCH = YES;
				COPY_PHASE_STRIP = NO;
				DEBUG_INFORMATION_FORMAT = "dwarf-with-dsym";
				ENABLE_NS_ASSERTIONS = NO;
				ENABLE_STRICT_OBJC_MSGSEND = YES;
				GCC_C_LANGUAGE_STANDARD = gnu11;
				GCC_NO_COMMON_BLOCKS = YES;
				GCC_WARN_64_TO_32_BIT_CONVERSION = YES;
				GCC_WARN_ABOUT_RETURN_TYPE = YES_ERROR;
				GCC_WARN_UNDECLARED_SELECTOR = YES;
				GCC_WARN_UNINITIALIZED_AUTOS = YES_AGGRESSIVE;
				GCC_WARN_UNUSED_FUNCTION = YES;
				GCC_WARN_UNUSED_VARIABLE = YES;
				IPHONEOS_DEPLOYMENT_TARGET = 15.5;
				MTL_ENABLE_DEBUG_INFO = NO;
				MTL_FAST_MATH = YES;
				SDKROOT = iphoneos;
				SWIFT_COMPILATION_MODE = wholemodule;
				SWIFT_OPTIMIZATION_LEVEL = "-O";
				VALIDATE_PRODUCT = YES;
			};
			name = Release;
		};
		E503010828773A5E00611C62 /* Debug */ = {
			isa = XCBuildConfiguration;
			buildSettings = {
				ASSETCATALOG_COMPILER_APPICON_NAME = AppIcon;
				ASSETCATALOG_COMPILER_GLOBAL_ACCENT_COLOR_NAME = AccentColor;
				CODE_SIGN_STYLE = Automatic;
				CURRENT_PROJECT_VERSION = 1;
				DEVELOPMENT_TEAM = 95JTZ6AP78;
				GENERATE_INFOPLIST_FILE = YES;
				INFOPLIST_FILE = idorm/Info.plist;
				INFOPLIST_KEY_UIApplicationSupportsIndirectInputEvents = YES;
				INFOPLIST_KEY_UILaunchStoryboardName = LaunchScreen;
				INFOPLIST_KEY_UISupportedInterfaceOrientations_iPad = "UIInterfaceOrientationPortrait UIInterfaceOrientationPortraitUpsideDown UIInterfaceOrientationLandscapeLeft UIInterfaceOrientationLandscapeRight";
				INFOPLIST_KEY_UISupportedInterfaceOrientations_iPhone = "UIInterfaceOrientationPortrait UIInterfaceOrientationLandscapeLeft UIInterfaceOrientationLandscapeRight";
				LD_RUNPATH_SEARCH_PATHS = (
					"$(inherited)",
					"@executable_path/Frameworks",
				);
				MARKETING_VERSION = 1.0;
				PRODUCT_BUNDLE_IDENTIFIER = eungcheol.idorm;
				PRODUCT_NAME = "$(TARGET_NAME)";
				SWIFT_EMIT_LOC_STRINGS = YES;
				SWIFT_VERSION = 5.0;
				TARGETED_DEVICE_FAMILY = "1,2";
			};
			name = Debug;
		};
		E503010928773A5E00611C62 /* Release */ = {
			isa = XCBuildConfiguration;
			buildSettings = {
				ASSETCATALOG_COMPILER_APPICON_NAME = AppIcon;
				ASSETCATALOG_COMPILER_GLOBAL_ACCENT_COLOR_NAME = AccentColor;
				CODE_SIGN_STYLE = Automatic;
				CURRENT_PROJECT_VERSION = 1;
				DEVELOPMENT_TEAM = 95JTZ6AP78;
				GENERATE_INFOPLIST_FILE = YES;
				INFOPLIST_FILE = idorm/Info.plist;
				INFOPLIST_KEY_UIApplicationSupportsIndirectInputEvents = YES;
				INFOPLIST_KEY_UILaunchStoryboardName = LaunchScreen;
				INFOPLIST_KEY_UISupportedInterfaceOrientations_iPad = "UIInterfaceOrientationPortrait UIInterfaceOrientationPortraitUpsideDown UIInterfaceOrientationLandscapeLeft UIInterfaceOrientationLandscapeRight";
				INFOPLIST_KEY_UISupportedInterfaceOrientations_iPhone = "UIInterfaceOrientationPortrait UIInterfaceOrientationLandscapeLeft UIInterfaceOrientationLandscapeRight";
				LD_RUNPATH_SEARCH_PATHS = (
					"$(inherited)",
					"@executable_path/Frameworks",
				);
				MARKETING_VERSION = 1.0;
				PRODUCT_BUNDLE_IDENTIFIER = eungcheol.idorm;
				PRODUCT_NAME = "$(TARGET_NAME)";
				SWIFT_EMIT_LOC_STRINGS = YES;
				SWIFT_VERSION = 5.0;
				TARGETED_DEVICE_FAMILY = "1,2";
			};
			name = Release;
		};
/* End XCBuildConfiguration section */

/* Begin XCConfigurationList section */
		E50300EE28773A5D00611C62 /* Build configuration list for PBXProject "idorm" */ = {
			isa = XCConfigurationList;
			buildConfigurations = (
				E503010528773A5E00611C62 /* Debug */,
				E503010628773A5E00611C62 /* Release */,
			);
			defaultConfigurationIsVisible = 0;
			defaultConfigurationName = Release;
		};
		E503010728773A5E00611C62 /* Build configuration list for PBXNativeTarget "idorm" */ = {
			isa = XCConfigurationList;
			buildConfigurations = (
				E503010828773A5E00611C62 /* Debug */,
				E503010928773A5E00611C62 /* Release */,
			);
			defaultConfigurationIsVisible = 0;
			defaultConfigurationName = Release;
		};
/* End XCConfigurationList section */

/* Begin XCRemoteSwiftPackageReference section */
		E5290F0A288832630004B8E6 /* XCRemoteSwiftPackageReference "RSKGrowingTextView" */ = {
			isa = XCRemoteSwiftPackageReference;
			repositoryURL = "https://github.com/ruslanskorb/RSKGrowingTextView.git";
			requirement = {
				kind = upToNextMinorVersion;
				minimumVersion = 6.1.0;
			};
		};
		E563421C28780C3800E93D17 /* XCRemoteSwiftPackageReference "SnapKit" */ = {
			isa = XCRemoteSwiftPackageReference;
			repositoryURL = "https://github.com/SnapKit/SnapKit.git";
			requirement = {
				kind = upToNextMinorVersion;
				minimumVersion = 5.6.0;
			};
		};
		E57FB84D2886E1520050BBAE /* XCRemoteSwiftPackageReference "RxSwift" */ = {
			isa = XCRemoteSwiftPackageReference;
			repositoryURL = "https://github.com/ReactiveX/RxSwift.git";
			requirement = {
				kind = upToNextMinorVersion;
				minimumVersion = 6.5.0;
			};
		};
		E58ACB83288465970031BD86 /* XCRemoteSwiftPackageReference "FMPhotoPicker" */ = {
			isa = XCRemoteSwiftPackageReference;
			repositoryURL = "https://github.com/congnd/FMPhotoPicker.git";
			requirement = {
				kind = upToNextMinorVersion;
				minimumVersion = 1.3.0;
			};
		};
		E5B15F6B287FCEFE004D4164 /* XCRemoteSwiftPackageReference "RSKPlaceholderTextView" */ = {
			isa = XCRemoteSwiftPackageReference;
			repositoryURL = "https://github.com/ruslanskorb/RSKPlaceholderTextView.git";
			requirement = {
				kind = upToNextMinorVersion;
				minimumVersion = 6.1.0;
			};
		};
		E5C889042889729800CBD04E /* XCRemoteSwiftPackageReference "PanModal" */ = {
			isa = XCRemoteSwiftPackageReference;
			repositoryURL = "https://github.com/slackhq/PanModal.git";
			requirement = {
				kind = upToNextMinorVersion;
				minimumVersion = 1.2.0;
			};
		};
/* End XCRemoteSwiftPackageReference section */

/* Begin XCSwiftPackageProductDependency section */
		E5290F0B288832630004B8E6 /* RSKGrowingTextView */ = {
			isa = XCSwiftPackageProductDependency;
			package = E5290F0A288832630004B8E6 /* XCRemoteSwiftPackageReference "RSKGrowingTextView" */;
			productName = RSKGrowingTextView;
		};
		E563421D28780C3800E93D17 /* SnapKit */ = {
			isa = XCSwiftPackageProductDependency;
			package = E563421C28780C3800E93D17 /* XCRemoteSwiftPackageReference "SnapKit" */;
			productName = SnapKit;
		};
		E57FB84E2886E1520050BBAE /* RxCocoa */ = {
			isa = XCSwiftPackageProductDependency;
			package = E57FB84D2886E1520050BBAE /* XCRemoteSwiftPackageReference "RxSwift" */;
			productName = RxCocoa;
		};
		E57FB8502886E1520050BBAE /* RxRelay */ = {
			isa = XCSwiftPackageProductDependency;
			package = E57FB84D2886E1520050BBAE /* XCRemoteSwiftPackageReference "RxSwift" */;
			productName = RxRelay;
		};
		E57FB8522886E1520050BBAE /* RxSwift */ = {
			isa = XCSwiftPackageProductDependency;
			package = E57FB84D2886E1520050BBAE /* XCRemoteSwiftPackageReference "RxSwift" */;
			productName = RxSwift;
		};
		E58ACB84288465970031BD86 /* FMPhotoPicker */ = {
			isa = XCSwiftPackageProductDependency;
			package = E58ACB83288465970031BD86 /* XCRemoteSwiftPackageReference "FMPhotoPicker" */;
			productName = FMPhotoPicker;
		};
		E5B15F6C287FCEFE004D4164 /* RSKPlaceholderTextView */ = {
			isa = XCSwiftPackageProductDependency;
			package = E5B15F6B287FCEFE004D4164 /* XCRemoteSwiftPackageReference "RSKPlaceholderTextView" */;
			productName = RSKPlaceholderTextView;
		};
		E5C889052889729800CBD04E /* PanModal */ = {
			isa = XCSwiftPackageProductDependency;
			package = E5C889042889729800CBD04E /* XCRemoteSwiftPackageReference "PanModal" */;
			productName = PanModal;
		};
/* End XCSwiftPackageProductDependency section */
	};
	rootObject = E50300EB28773A5D00611C62 /* Project object */;
}
