// !$*UTF8*$!
{
	archiveVersion = 1;
	classes = {
	};
	objectVersion = 55;
	objects = {

/* Begin PBXBuildFile section */
		997DFD12B4BCFE2CC94F30DB /* Pods_idorm.framework in Frameworks */ = {isa = PBXBuildFile; fileRef = 42FFDC247CCC711BEA16CC03 /* Pods_idorm.framework */; };
		E50300F728773A5D00611C62 /* AppDelegate.swift in Sources */ = {isa = PBXBuildFile; fileRef = E50300F628773A5D00611C62 /* AppDelegate.swift */; };
		E50300F928773A5D00611C62 /* SceneDelegate.swift in Sources */ = {isa = PBXBuildFile; fileRef = E50300F828773A5D00611C62 /* SceneDelegate.swift */; };
		E503010028773A5E00611C62 /* Assets.xcassets in Resources */ = {isa = PBXBuildFile; fileRef = E50300FF28773A5E00611C62 /* Assets.xcassets */; };
		E503010328773A5E00611C62 /* LaunchScreen.storyboard in Resources */ = {isa = PBXBuildFile; fileRef = E503010128773A5E00611C62 /* LaunchScreen.storyboard */; };
		E508436C288133AD0047A2EC /* LoginUtilities.swift in Sources */ = {isa = PBXBuildFile; fileRef = E508436B288133AD0047A2EC /* LoginUtilities.swift */; };
		E508436E28813BF40047A2EC /* NotoSansCJKkr-Bold.otf in Resources */ = {isa = PBXBuildFile; fileRef = E508436D28813BF40047A2EC /* NotoSansCJKkr-Bold.otf */; };
		E508437028813C030047A2EC /* NotoSansCJKkr-Medium.otf in Resources */ = {isa = PBXBuildFile; fileRef = E508436F28813C030047A2EC /* NotoSansCJKkr-Medium.otf */; };
		E508437428813C220047A2EC /* NotoSansCJKkr-Regular.otf in Resources */ = {isa = PBXBuildFile; fileRef = E508437328813C220047A2EC /* NotoSansCJKkr-Regular.otf */; };
		E508437728813CE80047A2EC /* FontManager.swift in Sources */ = {isa = PBXBuildFile; fileRef = E508437628813CE80047A2EC /* FontManager.swift */; };
		E508437B28814CAB0047A2EC /* AuthViewController.swift in Sources */ = {isa = PBXBuildFile; fileRef = E508437A28814CAB0047A2EC /* AuthViewController.swift */; };
		E525C1CD28944E2800F934B3 /* CalendarPostViewController.swift in Sources */ = {isa = PBXBuildFile; fileRef = E525C1CC28944E2800F934B3 /* CalendarPostViewController.swift */; };
		E5290EFD2887BBA40004B8E6 /* CommunityPopularCollectionVIewCell.swift in Sources */ = {isa = PBXBuildFile; fileRef = E5290EFC2887BBA30004B8E6 /* CommunityPopularCollectionVIewCell.swift */; };
		E5290EFF2887BBB00004B8E6 /* PostCollectionViewCell.swift in Sources */ = {isa = PBXBuildFile; fileRef = E5290EFE2887BBB00004B8E6 /* PostCollectionViewCell.swift */; };
		E5290F06288818E70004B8E6 /* CommunityDetailViewController.swift in Sources */ = {isa = PBXBuildFile; fileRef = E5290F05288818E70004B8E6 /* CommunityDetailViewController.swift */; };
		E5290F0928881C6E0004B8E6 /* CommunityDetailCollectionHeaderView.swift in Sources */ = {isa = PBXBuildFile; fileRef = E5290F0828881C6E0004B8E6 /* CommunityDetailCollectionHeaderView.swift */; };
		E5290F0C288832630004B8E6 /* RSKGrowingTextView in Frameworks */ = {isa = PBXBuildFile; productRef = E5290F0B288832630004B8E6 /* RSKGrowingTextView */; };
		E5290F0E288867E50004B8E6 /* CommunityDetailTableViewCell.swift in Sources */ = {isa = PBXBuildFile; fileRef = E5290F0D288867E50004B8E6 /* CommunityDetailTableViewCell.swift */; };
		E5290F10288869700004B8E6 /* CommunityDetailHeaderCollectionViewCell.swift in Sources */ = {isa = PBXBuildFile; fileRef = E5290F0F288869700004B8E6 /* CommunityDetailHeaderCollectionViewCell.swift */; };
		E5290F1228886D7A0004B8E6 /* CommunityUtilities.swift in Sources */ = {isa = PBXBuildFile; fileRef = E5290F1128886D7A0004B8E6 /* CommunityUtilities.swift */; };
		E53086E22879284000A5D0A0 /* HomeRoommateCollectionViewCell.swift in Sources */ = {isa = PBXBuildFile; fileRef = E53086E12879284000A5D0A0 /* HomeRoommateCollectionViewCell.swift */; };
		E53086E42879287100A5D0A0 /* HomeListViewModel.swift in Sources */ = {isa = PBXBuildFile; fileRef = E53086E32879287100A5D0A0 /* HomeListViewModel.swift */; };
		E53086E6287928B400A5D0A0 /* HomePopularCollectionViewCell.swift in Sources */ = {isa = PBXBuildFile; fileRef = E53086E5287928B400A5D0A0 /* HomePopularCollectionViewCell.swift */; };
		E53086E828795D2700A5D0A0 /* HomeCollectionHeaderView.swift in Sources */ = {isa = PBXBuildFile; fileRef = E53086E728795D2700A5D0A0 /* HomeCollectionHeaderView.swift */; };
		E5340E8A289C713D0030A44F /* RxDataSources in Frameworks */ = {isa = PBXBuildFile; productRef = E5340E89289C713D0030A44F /* RxDataSources */; };
		E53C60B0287B37CB00977909 /* CompleteSignUpViewController.swift in Sources */ = {isa = PBXBuildFile; fileRef = E53C60AF287B37CB00977909 /* CompleteSignUpViewController.swift */; };
		E53D6E7528963B21004BF95B /* MatchingFilterRangeSlider.swift in Sources */ = {isa = PBXBuildFile; fileRef = E53D6E7428963B21004BF95B /* MatchingFilterRangeSlider.swift */; };
		E55794EE287C36F5002DB2B0 /* UIView+Extensions.swift in Sources */ = {isa = PBXBuildFile; fileRef = E55794ED287C36F5002DB2B0 /* UIView+Extensions.swift */; };
		E55794F0287C496D002DB2B0 /* OnboardingTableViewCell.swift in Sources */ = {isa = PBXBuildFile; fileRef = E55794EF287C496D002DB2B0 /* OnboardingTableViewCell.swift */; };
		E557E2272892593F00F9C74D /* CalendarPersonalCell.swift in Sources */ = {isa = PBXBuildFile; fileRef = E557E2262892593F00F9C74D /* CalendarPersonalCell.swift */; };
		E557E22928926F3B00F9C74D /* UIViewController+Extensions.swift in Sources */ = {isa = PBXBuildFile; fileRef = E557E22828926F3B00F9C74D /* UIViewController+Extensions.swift */; };
		E55DE2F62896DB06004F1401 /* CustomCalendarCell.swift in Sources */ = {isa = PBXBuildFile; fileRef = E55DE2F52896DB06004F1401 /* CustomCalendarCell.swift */; };
		E55DE2F92896DDC6004F1401 /* CalendarUtilities.swift in Sources */ = {isa = PBXBuildFile; fileRef = E55DE2F82896DDC6004F1401 /* CalendarUtilities.swift */; };
		E563421828780BDE00E93D17 /* OnboardingViewModel.swift in Sources */ = {isa = PBXBuildFile; fileRef = E563421728780BDE00E93D17 /* OnboardingViewModel.swift */; };
		E563421E28780C3800E93D17 /* SnapKit in Frameworks */ = {isa = PBXBuildFile; productRef = E563421D28780C3800E93D17 /* SnapKit */; };
		E56342212878246200E93D17 /* OnboardingTableHeaderView.swift in Sources */ = {isa = PBXBuildFile; fileRef = E56342202878246200E93D17 /* OnboardingTableHeaderView.swift */; };
		E56342232878353100E93D17 /* TabBarController.swift in Sources */ = {isa = PBXBuildFile; fileRef = E56342222878353100E93D17 /* TabBarController.swift */; };
		E563422528784ED400E93D17 /* HomeViewController.swift in Sources */ = {isa = PBXBuildFile; fileRef = E563422428784ED400E93D17 /* HomeViewController.swift */; };
		E56DF4A2289354AF00E85B10 /* CalendarRoundedBackgroundView.swift in Sources */ = {isa = PBXBuildFile; fileRef = E56DF4A1289354AF00E85B10 /* CalendarRoundedBackgroundView.swift */; };
		E56DF4A428935B0800E85B10 /* UICollectionReusableView+Extensions.swift in Sources */ = {isa = PBXBuildFile; fileRef = E56DF4A328935B0800E85B10 /* UICollectionReusableView+Extensions.swift */; };
		E56DF4AF2893C81F00E85B10 /* WeekdayCalendarView.swift in Sources */ = {isa = PBXBuildFile; fileRef = E56DF4AE2893C81F00E85B10 /* WeekdayCalendarView.swift */; };
		E56DF4B52894036D00E85B10 /* CalendarViewModel.swift in Sources */ = {isa = PBXBuildFile; fileRef = E56DF4B42894036D00E85B10 /* CalendarViewModel.swift */; };
		E57A42CC289596D8003D5834 /* CardSlider in Frameworks */ = {isa = PBXBuildFile; productRef = E57A42CB289596D8003D5834 /* CardSlider */; };
		E57E48F62899666000D00BDB /* RxCocoa in Frameworks */ = {isa = PBXBuildFile; productRef = E57E48F52899666000D00BDB /* RxCocoa */; };
		E57E48F82899666000D00BDB /* RxRelay in Frameworks */ = {isa = PBXBuildFile; productRef = E57E48F72899666000D00BDB /* RxRelay */; };
		E57E48FA2899666000D00BDB /* RxSwift in Frameworks */ = {isa = PBXBuildFile; productRef = E57E48F92899666000D00BDB /* RxSwift */; };
		E57FB8562886E2710050BBAE /* PhotoLibrary+Extensions.swift in Sources */ = {isa = PBXBuildFile; fileRef = E57FB8552886E2710050BBAE /* PhotoLibrary+Extensions.swift */; };
		E58131A8288E6AC6000DB8C9 /* OnboardingFloatyBottomView.swift in Sources */ = {isa = PBXBuildFile; fileRef = E58131A7288E6AC6000DB8C9 /* OnboardingFloatyBottomView.swift */; };
		E586B6A528901B06005AB9C2 /* LoginTextFieldContainerView.swift in Sources */ = {isa = PBXBuildFile; fileRef = E586B6A428901B06005AB9C2 /* LoginTextFieldContainerView.swift */; };
		E58ACB85288465970031BD86 /* FMPhotoPicker in Frameworks */ = {isa = PBXBuildFile; productRef = E58ACB84288465970031BD86 /* FMPhotoPicker */; };
		E58ACB8728846E050031BD86 /* ImagePickerViewController.swift in Sources */ = {isa = PBXBuildFile; fileRef = E58ACB8628846E050031BD86 /* ImagePickerViewController.swift */; };
		E58F96FB2884E85B00CC3C75 /* ImagePickerCollectionViewCell.swift in Sources */ = {isa = PBXBuildFile; fileRef = E58F96FA2884E85B00CC3C75 /* ImagePickerCollectionViewCell.swift */; };
		E58F96FD28857A4100CC3C75 /* PostingPictureCollectionViewCell.swift in Sources */ = {isa = PBXBuildFile; fileRef = E58F96FC28857A4100CC3C75 /* PostingPictureCollectionViewCell.swift */; };
		E5A60C7C289BE72A004B77E8 /* SetCalendarViewModel.swift in Sources */ = {isa = PBXBuildFile; fileRef = E5A60C7B289BE72A004B77E8 /* SetCalendarViewModel.swift */; };
		E5AB97C42895671800C0CEDF /* MatchingFilterViewController.swift in Sources */ = {isa = PBXBuildFile; fileRef = E5AB97C32895671800C0CEDF /* MatchingFilterViewController.swift */; };
		E5AC2DCB2882F24000B82AD8 /* OnboardingTextFieldContainerView.swift in Sources */ = {isa = PBXBuildFile; fileRef = E5AC2DCA2882F24000B82AD8 /* OnboardingTextFieldContainerView.swift */; };
		E5AC2DCF288303A300B82AD8 /* LoginPasswordTextFieldContainerView.swift in Sources */ = {isa = PBXBuildFile; fileRef = E5AC2DCE288303A300B82AD8 /* LoginPasswordTextFieldContainerView.swift */; };
		E5AD7391287A863800BA2C5E /* LoginViewController.swift in Sources */ = {isa = PBXBuildFile; fileRef = E5AD7390287A863800BA2C5E /* LoginViewController.swift */; };
		E5AD7396287A8C2F00BA2C5E /* UIColor+Extensions.swift in Sources */ = {isa = PBXBuildFile; fileRef = E5AD7395287A8C2F00BA2C5E /* UIColor+Extensions.swift */; };
		E5AD7398287A8D8800BA2C5E /* UITextField+Extensions.swift in Sources */ = {isa = PBXBuildFile; fileRef = E5AD7397287A8D8800BA2C5E /* UITextField+Extensions.swift */; };
		E5AD739D287AE08F00BA2C5E /* LoginPopupViewController.swift in Sources */ = {isa = PBXBuildFile; fileRef = E5AD739C287AE08F00BA2C5E /* LoginPopupViewController.swift */; };
		E5AD739F287AEF2D00BA2C5E /* PutEmailViewController.swift in Sources */ = {isa = PBXBuildFile; fileRef = E5AD739E287AEF2D00BA2C5E /* PutEmailViewController.swift */; };
		E5AD73A1287AFC5300BA2C5E /* AuthNumberViewController.swift in Sources */ = {isa = PBXBuildFile; fileRef = E5AD73A0287AFC5300BA2C5E /* AuthNumberViewController.swift */; };
		E5AD73A3287B2B5200BA2C5E /* ConfirmPasswordViewController.swift in Sources */ = {isa = PBXBuildFile; fileRef = E5AD73A2287B2B5200BA2C5E /* ConfirmPasswordViewController.swift */; };
		E5B15F6D287FCEFE004D4164 /* RSKPlaceholderTextView in Frameworks */ = {isa = PBXBuildFile; productRef = E5B15F6C287FCEFE004D4164 /* RSKPlaceholderTextView */; };
		E5B15F6F287FE355004D4164 /* OnboardingDetailViewController.swift in Sources */ = {isa = PBXBuildFile; fileRef = E5B15F6E287FE355004D4164 /* OnboardingDetailViewController.swift */; };
		E5BF4C5F28840EBF00B4F0B8 /* PostingViewController.swift in Sources */ = {isa = PBXBuildFile; fileRef = E5BF4C5E28840EBF00B4F0B8 /* PostingViewController.swift */; };
		E5C889062889729800CBD04E /* PanModal in Frameworks */ = {isa = PBXBuildFile; productRef = E5C889052889729800CBD04E /* PanModal */; };
		E5C88908288972E000CBD04E /* CommunityAlertViewController.swift in Sources */ = {isa = PBXBuildFile; fileRef = E5C88907288972E000CBD04E /* CommunityAlertViewController.swift */; };
		E5D03751288CFDE800080482 /* CHIOTPField in Frameworks */ = {isa = PBXBuildFile; productRef = E5D03750288CFDE800080482 /* CHIOTPField */; };
		E5D31BEC289A792400510315 /* UnderlinedBackGroundView.swift in Sources */ = {isa = PBXBuildFile; fileRef = E5D31BEB289A792400510315 /* UnderlinedBackGroundView.swift */; };
		E5D31BEF289A8A6700510315 /* RxKeyboard in Frameworks */ = {isa = PBXBuildFile; productRef = E5D31BEE289A8A6700510315 /* RxKeyboard */; };
		E5D31BF1289AAE3D00510315 /* UIScrollView+Extensions.swift in Sources */ = {isa = PBXBuildFile; fileRef = E5D31BF0289AAE3D00510315 /* UIScrollView+Extensions.swift */; };
		E5D31BF3289AB83800510315 /* SetCalendarTabmanController.swift in Sources */ = {isa = PBXBuildFile; fileRef = E5D31BF2289AB83800510315 /* SetCalendarTabmanController.swift */; };
		E5D31BF6289ABCE100510315 /* Tabman in Frameworks */ = {isa = PBXBuildFile; productRef = E5D31BF5289ABCE100510315 /* Tabman */; };
		E5D31BF8289ABDC100510315 /* SetCalendarViewController.swift in Sources */ = {isa = PBXBuildFile; fileRef = E5D31BF7289ABDC100510315 /* SetCalendarViewController.swift */; };
		E5D49008288B7F0400311493 /* CommunityPopupViewController.swift in Sources */ = {isa = PBXBuildFile; fileRef = E5D49007288B7F0400311493 /* CommunityPopupViewController.swift */; };
		E5D4900B288BFA0200311493 /* MatchingViewController.swift in Sources */ = {isa = PBXBuildFile; fileRef = E5D4900A288BFA0200311493 /* MatchingViewController.swift */; };
		E5D4900E288BFB9100311493 /* MyInfo.swift in Sources */ = {isa = PBXBuildFile; fileRef = E5D4900D288BFB9100311493 /* MyInfo.swift */; };
		E5D49010288BFFFD00311493 /* Utilities.swift in Sources */ = {isa = PBXBuildFile; fileRef = E5D4900F288BFFFD00311493 /* Utilities.swift */; };
		E5D49012288C003800311493 /* MyInfoView.swift in Sources */ = {isa = PBXBuildFile; fileRef = E5D49011288C003800311493 /* MyInfoView.swift */; };
		E5D49014288C3DDB00311493 /* OnboardingUtilities.swift in Sources */ = {isa = PBXBuildFile; fileRef = E5D49013288C3DDA00311493 /* OnboardingUtilities.swift */; };
		E5D49016288C449600311493 /* OnboardingVIewController.swift in Sources */ = {isa = PBXBuildFile; fileRef = E5D49015288C449600311493 /* OnboardingVIewController.swift */; };
		E5E8A3DB289505B500A48A91 /* MyPostViewController.swift in Sources */ = {isa = PBXBuildFile; fileRef = E5E8A3DA289505B400A48A91 /* MyPostViewController.swift */; };
		E5E8A3DD289505F000A48A91 /* MyPostCollectionHeaderView.swift in Sources */ = {isa = PBXBuildFile; fileRef = E5E8A3DC289505F000A48A91 /* MyPostCollectionHeaderView.swift */; };
		E5E8A3DF2895208500A48A91 /* MyCommentsCollectionVIewCell.swift in Sources */ = {isa = PBXBuildFile; fileRef = E5E8A3DE2895208500A48A91 /* MyCommentsCollectionVIewCell.swift */; };
		E5E8A3E52895319100A48A91 /* MyLikeRoommateCollectionVIewCell.swift in Sources */ = {isa = PBXBuildFile; fileRef = E5E8A3E42895319100A48A91 /* MyLikeRoommateCollectionVIewCell.swift */; };
		E5EB5F272891398200EC0425 /* CalendarView.swift in Sources */ = {isa = PBXBuildFile; fileRef = E5EB5F262891398200EC0425 /* CalendarView.swift */; };
		E5EB5F2A289143A100EC0425 /* CalendarChipCell.swift in Sources */ = {isa = PBXBuildFile; fileRef = E5EB5F29289143A100EC0425 /* CalendarChipCell.swift */; };
		E5EB5F2C2891534300EC0425 /* CalendarPersonalCollectionHeaderView.swift in Sources */ = {isa = PBXBuildFile; fileRef = E5EB5F2B2891534300EC0425 /* CalendarPersonalCollectionHeaderView.swift */; };
		E5EB5F2E2891535E00EC0425 /* CalendarDormCollectionHeaderView.swift in Sources */ = {isa = PBXBuildFile; fileRef = E5EB5F2D2891535E00EC0425 /* CalendarDormCollectionHeaderView.swift */; };
		E5EB5F302891558D00EC0425 /* CalendarDormCell.swift in Sources */ = {isa = PBXBuildFile; fileRef = E5EB5F2F2891558D00EC0425 /* CalendarDormCell.swift */; };
		E5EB5F322891589800EC0425 /* CalendarListUtilities.swift in Sources */ = {isa = PBXBuildFile; fileRef = E5EB5F312891589800EC0425 /* CalendarListUtilities.swift */; };
		E5F5EC722883C70C0026DE21 /* WebMailViewController.swift in Sources */ = {isa = PBXBuildFile; fileRef = E5F5EC712883C70C0026DE21 /* WebMailViewController.swift */; };
		E5F5EC742884025E0026DE21 /* CommunityViewController.swift in Sources */ = {isa = PBXBuildFile; fileRef = E5F5EC732884025E0026DE21 /* CommunityViewController.swift */; };
		E5F5EC762884027D0026DE21 /* CalendarViewController.swift in Sources */ = {isa = PBXBuildFile; fileRef = E5F5EC752884027D0026DE21 /* CalendarViewController.swift */; };
		E5F5EC78288402840026DE21 /* MyPageViewController.swift in Sources */ = {isa = PBXBuildFile; fileRef = E5F5EC77288402840026DE21 /* MyPageViewController.swift */; };
		E5FBBB872880304900A7158D /* SECRET.swift in Sources */ = {isa = PBXBuildFile; fileRef = E5FBBB862880304900A7158D /* SECRET.swift */; };
/* End PBXBuildFile section */

/* Begin PBXFileReference section */
		35F879886CD9E5BA06578394 /* Pods-idorm.release.xcconfig */ = {isa = PBXFileReference; includeInIndex = 1; lastKnownFileType = text.xcconfig; name = "Pods-idorm.release.xcconfig"; path = "Target Support Files/Pods-idorm/Pods-idorm.release.xcconfig"; sourceTree = "<group>"; };
		42FFDC247CCC711BEA16CC03 /* Pods_idorm.framework */ = {isa = PBXFileReference; explicitFileType = wrapper.framework; includeInIndex = 0; path = Pods_idorm.framework; sourceTree = BUILT_PRODUCTS_DIR; };
		69BB34A2F8EE47053AC47F48 /* Pods-idorm.debug.xcconfig */ = {isa = PBXFileReference; includeInIndex = 1; lastKnownFileType = text.xcconfig; name = "Pods-idorm.debug.xcconfig"; path = "Target Support Files/Pods-idorm/Pods-idorm.debug.xcconfig"; sourceTree = "<group>"; };
		E50300F328773A5D00611C62 /* idorm.app */ = {isa = PBXFileReference; explicitFileType = wrapper.application; includeInIndex = 0; path = idorm.app; sourceTree = BUILT_PRODUCTS_DIR; };
		E50300F628773A5D00611C62 /* AppDelegate.swift */ = {isa = PBXFileReference; lastKnownFileType = sourcecode.swift; path = AppDelegate.swift; sourceTree = "<group>"; };
		E50300F828773A5D00611C62 /* SceneDelegate.swift */ = {isa = PBXFileReference; lastKnownFileType = sourcecode.swift; path = SceneDelegate.swift; sourceTree = "<group>"; };
		E50300FF28773A5E00611C62 /* Assets.xcassets */ = {isa = PBXFileReference; lastKnownFileType = folder.assetcatalog; path = Assets.xcassets; sourceTree = "<group>"; };
		E503010228773A5E00611C62 /* Base */ = {isa = PBXFileReference; lastKnownFileType = file.storyboard; name = Base; path = Base.lproj/LaunchScreen.storyboard; sourceTree = "<group>"; };
		E503010428773A5E00611C62 /* Info.plist */ = {isa = PBXFileReference; lastKnownFileType = text.plist.xml; path = Info.plist; sourceTree = "<group>"; };
		E508436B288133AD0047A2EC /* LoginUtilities.swift */ = {isa = PBXFileReference; lastKnownFileType = sourcecode.swift; path = LoginUtilities.swift; sourceTree = "<group>"; };
		E508436D28813BF40047A2EC /* NotoSansCJKkr-Bold.otf */ = {isa = PBXFileReference; lastKnownFileType = file; path = "NotoSansCJKkr-Bold.otf"; sourceTree = "<group>"; };
		E508436F28813C030047A2EC /* NotoSansCJKkr-Medium.otf */ = {isa = PBXFileReference; lastKnownFileType = file; path = "NotoSansCJKkr-Medium.otf"; sourceTree = "<group>"; };
		E508437328813C220047A2EC /* NotoSansCJKkr-Regular.otf */ = {isa = PBXFileReference; lastKnownFileType = file; path = "NotoSansCJKkr-Regular.otf"; sourceTree = "<group>"; };
		E508437628813CE80047A2EC /* FontManager.swift */ = {isa = PBXFileReference; lastKnownFileType = sourcecode.swift; path = FontManager.swift; sourceTree = "<group>"; };
		E508437A28814CAB0047A2EC /* AuthViewController.swift */ = {isa = PBXFileReference; lastKnownFileType = sourcecode.swift; path = AuthViewController.swift; sourceTree = "<group>"; };
		E525C1CC28944E2800F934B3 /* CalendarPostViewController.swift */ = {isa = PBXFileReference; lastKnownFileType = sourcecode.swift; path = CalendarPostViewController.swift; sourceTree = "<group>"; };
		E5290EFC2887BBA30004B8E6 /* CommunityPopularCollectionVIewCell.swift */ = {isa = PBXFileReference; lastKnownFileType = sourcecode.swift; path = CommunityPopularCollectionVIewCell.swift; sourceTree = "<group>"; };
		E5290EFE2887BBB00004B8E6 /* PostCollectionViewCell.swift */ = {isa = PBXFileReference; lastKnownFileType = sourcecode.swift; path = PostCollectionViewCell.swift; sourceTree = "<group>"; };
		E5290F05288818E70004B8E6 /* CommunityDetailViewController.swift */ = {isa = PBXFileReference; lastKnownFileType = sourcecode.swift; path = CommunityDetailViewController.swift; sourceTree = "<group>"; };
		E5290F0828881C6E0004B8E6 /* CommunityDetailCollectionHeaderView.swift */ = {isa = PBXFileReference; lastKnownFileType = sourcecode.swift; path = CommunityDetailCollectionHeaderView.swift; sourceTree = "<group>"; };
		E5290F0D288867E50004B8E6 /* CommunityDetailTableViewCell.swift */ = {isa = PBXFileReference; lastKnownFileType = sourcecode.swift; path = CommunityDetailTableViewCell.swift; sourceTree = "<group>"; };
		E5290F0F288869700004B8E6 /* CommunityDetailHeaderCollectionViewCell.swift */ = {isa = PBXFileReference; lastKnownFileType = sourcecode.swift; path = CommunityDetailHeaderCollectionViewCell.swift; sourceTree = "<group>"; };
		E5290F1128886D7A0004B8E6 /* CommunityUtilities.swift */ = {isa = PBXFileReference; lastKnownFileType = sourcecode.swift; path = CommunityUtilities.swift; sourceTree = "<group>"; };
		E53086E12879284000A5D0A0 /* HomeRoommateCollectionViewCell.swift */ = {isa = PBXFileReference; lastKnownFileType = sourcecode.swift; path = HomeRoommateCollectionViewCell.swift; sourceTree = "<group>"; };
		E53086E32879287100A5D0A0 /* HomeListViewModel.swift */ = {isa = PBXFileReference; lastKnownFileType = sourcecode.swift; path = HomeListViewModel.swift; sourceTree = "<group>"; };
		E53086E5287928B400A5D0A0 /* HomePopularCollectionViewCell.swift */ = {isa = PBXFileReference; lastKnownFileType = sourcecode.swift; path = HomePopularCollectionViewCell.swift; sourceTree = "<group>"; };
		E53086E728795D2700A5D0A0 /* HomeCollectionHeaderView.swift */ = {isa = PBXFileReference; lastKnownFileType = sourcecode.swift; path = HomeCollectionHeaderView.swift; sourceTree = "<group>"; };
		E53C60AF287B37CB00977909 /* CompleteSignUpViewController.swift */ = {isa = PBXFileReference; lastKnownFileType = sourcecode.swift; path = CompleteSignUpViewController.swift; sourceTree = "<group>"; };
		E53D6E7428963B21004BF95B /* MatchingFilterRangeSlider.swift */ = {isa = PBXFileReference; lastKnownFileType = sourcecode.swift; path = MatchingFilterRangeSlider.swift; sourceTree = "<group>"; };
		E55794ED287C36F5002DB2B0 /* UIView+Extensions.swift */ = {isa = PBXFileReference; lastKnownFileType = sourcecode.swift; path = "UIView+Extensions.swift"; sourceTree = "<group>"; };
		E55794EF287C496D002DB2B0 /* OnboardingTableViewCell.swift */ = {isa = PBXFileReference; lastKnownFileType = sourcecode.swift; path = OnboardingTableViewCell.swift; sourceTree = "<group>"; };
		E557E2262892593F00F9C74D /* CalendarPersonalCell.swift */ = {isa = PBXFileReference; lastKnownFileType = sourcecode.swift; path = CalendarPersonalCell.swift; sourceTree = "<group>"; };
		E557E22828926F3B00F9C74D /* UIViewController+Extensions.swift */ = {isa = PBXFileReference; lastKnownFileType = sourcecode.swift; path = "UIViewController+Extensions.swift"; sourceTree = "<group>"; };
		E55DE2F52896DB06004F1401 /* CustomCalendarCell.swift */ = {isa = PBXFileReference; lastKnownFileType = sourcecode.swift; path = CustomCalendarCell.swift; sourceTree = "<group>"; };
		E55DE2F82896DDC6004F1401 /* CalendarUtilities.swift */ = {isa = PBXFileReference; lastKnownFileType = sourcecode.swift; path = CalendarUtilities.swift; sourceTree = "<group>"; };
		E563421728780BDE00E93D17 /* OnboardingViewModel.swift */ = {isa = PBXFileReference; lastKnownFileType = sourcecode.swift; path = OnboardingViewModel.swift; sourceTree = "<group>"; };
		E56342202878246200E93D17 /* OnboardingTableHeaderView.swift */ = {isa = PBXFileReference; lastKnownFileType = sourcecode.swift; path = OnboardingTableHeaderView.swift; sourceTree = "<group>"; };
		E56342222878353100E93D17 /* TabBarController.swift */ = {isa = PBXFileReference; lastKnownFileType = sourcecode.swift; path = TabBarController.swift; sourceTree = "<group>"; };
		E563422428784ED400E93D17 /* HomeViewController.swift */ = {isa = PBXFileReference; lastKnownFileType = sourcecode.swift; path = HomeViewController.swift; sourceTree = "<group>"; };
		E56DF4A1289354AF00E85B10 /* CalendarRoundedBackgroundView.swift */ = {isa = PBXFileReference; lastKnownFileType = sourcecode.swift; path = CalendarRoundedBackgroundView.swift; sourceTree = "<group>"; };
		E56DF4A328935B0800E85B10 /* UICollectionReusableView+Extensions.swift */ = {isa = PBXFileReference; lastKnownFileType = sourcecode.swift; path = "UICollectionReusableView+Extensions.swift"; sourceTree = "<group>"; };
		E56DF4AE2893C81F00E85B10 /* WeekdayCalendarView.swift */ = {isa = PBXFileReference; lastKnownFileType = sourcecode.swift; path = WeekdayCalendarView.swift; sourceTree = "<group>"; };
		E56DF4B42894036D00E85B10 /* CalendarViewModel.swift */ = {isa = PBXFileReference; lastKnownFileType = sourcecode.swift; path = CalendarViewModel.swift; sourceTree = "<group>"; };
		E57FB8552886E2710050BBAE /* PhotoLibrary+Extensions.swift */ = {isa = PBXFileReference; lastKnownFileType = sourcecode.swift; path = "PhotoLibrary+Extensions.swift"; sourceTree = "<group>"; };
		E58131A7288E6AC6000DB8C9 /* OnboardingFloatyBottomView.swift */ = {isa = PBXFileReference; lastKnownFileType = sourcecode.swift; path = OnboardingFloatyBottomView.swift; sourceTree = "<group>"; };
		E586B6A428901B06005AB9C2 /* LoginTextFieldContainerView.swift */ = {isa = PBXFileReference; lastKnownFileType = sourcecode.swift; path = LoginTextFieldContainerView.swift; sourceTree = "<group>"; };
		E58ACB8628846E050031BD86 /* ImagePickerViewController.swift */ = {isa = PBXFileReference; lastKnownFileType = sourcecode.swift; path = ImagePickerViewController.swift; sourceTree = "<group>"; };
		E58F96FA2884E85B00CC3C75 /* ImagePickerCollectionViewCell.swift */ = {isa = PBXFileReference; lastKnownFileType = sourcecode.swift; path = ImagePickerCollectionViewCell.swift; sourceTree = "<group>"; };
		E58F96FC28857A4100CC3C75 /* PostingPictureCollectionViewCell.swift */ = {isa = PBXFileReference; lastKnownFileType = sourcecode.swift; path = PostingPictureCollectionViewCell.swift; sourceTree = "<group>"; };
		E5A60C7B289BE72A004B77E8 /* SetCalendarViewModel.swift */ = {isa = PBXFileReference; lastKnownFileType = sourcecode.swift; path = SetCalendarViewModel.swift; sourceTree = "<group>"; };
		E5AB97C32895671800C0CEDF /* MatchingFilterViewController.swift */ = {isa = PBXFileReference; lastKnownFileType = sourcecode.swift; path = MatchingFilterViewController.swift; sourceTree = "<group>"; };
		E5AC2DCA2882F24000B82AD8 /* OnboardingTextFieldContainerView.swift */ = {isa = PBXFileReference; lastKnownFileType = sourcecode.swift; path = OnboardingTextFieldContainerView.swift; sourceTree = "<group>"; };
		E5AC2DCE288303A300B82AD8 /* LoginPasswordTextFieldContainerView.swift */ = {isa = PBXFileReference; lastKnownFileType = sourcecode.swift; path = LoginPasswordTextFieldContainerView.swift; sourceTree = "<group>"; };
		E5AD7390287A863800BA2C5E /* LoginViewController.swift */ = {isa = PBXFileReference; lastKnownFileType = sourcecode.swift; path = LoginViewController.swift; sourceTree = "<group>"; };
		E5AD7395287A8C2F00BA2C5E /* UIColor+Extensions.swift */ = {isa = PBXFileReference; lastKnownFileType = sourcecode.swift; path = "UIColor+Extensions.swift"; sourceTree = "<group>"; };
		E5AD7397287A8D8800BA2C5E /* UITextField+Extensions.swift */ = {isa = PBXFileReference; lastKnownFileType = sourcecode.swift; path = "UITextField+Extensions.swift"; sourceTree = "<group>"; };
		E5AD739C287AE08F00BA2C5E /* LoginPopupViewController.swift */ = {isa = PBXFileReference; lastKnownFileType = sourcecode.swift; path = LoginPopupViewController.swift; sourceTree = "<group>"; };
		E5AD739E287AEF2D00BA2C5E /* PutEmailViewController.swift */ = {isa = PBXFileReference; lastKnownFileType = sourcecode.swift; path = PutEmailViewController.swift; sourceTree = "<group>"; };
		E5AD73A0287AFC5300BA2C5E /* AuthNumberViewController.swift */ = {isa = PBXFileReference; lastKnownFileType = sourcecode.swift; path = AuthNumberViewController.swift; sourceTree = "<group>"; };
		E5AD73A2287B2B5200BA2C5E /* ConfirmPasswordViewController.swift */ = {isa = PBXFileReference; lastKnownFileType = sourcecode.swift; path = ConfirmPasswordViewController.swift; sourceTree = "<group>"; };
		E5B15F6E287FE355004D4164 /* OnboardingDetailViewController.swift */ = {isa = PBXFileReference; lastKnownFileType = sourcecode.swift; path = OnboardingDetailViewController.swift; sourceTree = "<group>"; };
		E5BF4C5E28840EBF00B4F0B8 /* PostingViewController.swift */ = {isa = PBXFileReference; lastKnownFileType = sourcecode.swift; path = PostingViewController.swift; sourceTree = "<group>"; };
		E5C88907288972E000CBD04E /* CommunityAlertViewController.swift */ = {isa = PBXFileReference; lastKnownFileType = sourcecode.swift; path = CommunityAlertViewController.swift; sourceTree = "<group>"; };
		E5D31BEB289A792400510315 /* UnderlinedBackGroundView.swift */ = {isa = PBXFileReference; lastKnownFileType = sourcecode.swift; path = UnderlinedBackGroundView.swift; sourceTree = "<group>"; };
		E5D31BF0289AAE3D00510315 /* UIScrollView+Extensions.swift */ = {isa = PBXFileReference; lastKnownFileType = sourcecode.swift; path = "UIScrollView+Extensions.swift"; sourceTree = "<group>"; };
		E5D31BF2289AB83800510315 /* SetCalendarTabmanController.swift */ = {isa = PBXFileReference; lastKnownFileType = sourcecode.swift; path = SetCalendarTabmanController.swift; sourceTree = "<group>"; };
		E5D31BF7289ABDC100510315 /* SetCalendarViewController.swift */ = {isa = PBXFileReference; lastKnownFileType = sourcecode.swift; path = SetCalendarViewController.swift; sourceTree = "<group>"; };
		E5D49007288B7F0400311493 /* CommunityPopupViewController.swift */ = {isa = PBXFileReference; lastKnownFileType = sourcecode.swift; path = CommunityPopupViewController.swift; sourceTree = "<group>"; };
		E5D4900A288BFA0200311493 /* MatchingViewController.swift */ = {isa = PBXFileReference; lastKnownFileType = sourcecode.swift; path = MatchingViewController.swift; sourceTree = "<group>"; };
		E5D4900D288BFB9100311493 /* MyInfo.swift */ = {isa = PBXFileReference; lastKnownFileType = sourcecode.swift; path = MyInfo.swift; sourceTree = "<group>"; };
		E5D4900F288BFFFD00311493 /* Utilities.swift */ = {isa = PBXFileReference; lastKnownFileType = sourcecode.swift; path = Utilities.swift; sourceTree = "<group>"; };
		E5D49011288C003800311493 /* MyInfoView.swift */ = {isa = PBXFileReference; lastKnownFileType = sourcecode.swift; path = MyInfoView.swift; sourceTree = "<group>"; };
		E5D49013288C3DDA00311493 /* OnboardingUtilities.swift */ = {isa = PBXFileReference; lastKnownFileType = sourcecode.swift; path = OnboardingUtilities.swift; sourceTree = "<group>"; };
		E5D49015288C449600311493 /* OnboardingVIewController.swift */ = {isa = PBXFileReference; lastKnownFileType = sourcecode.swift; path = OnboardingVIewController.swift; sourceTree = "<group>"; };
		E5E8A3DA289505B400A48A91 /* MyPostViewController.swift */ = {isa = PBXFileReference; lastKnownFileType = sourcecode.swift; path = MyPostViewController.swift; sourceTree = "<group>"; };
		E5E8A3DC289505F000A48A91 /* MyPostCollectionHeaderView.swift */ = {isa = PBXFileReference; lastKnownFileType = sourcecode.swift; path = MyPostCollectionHeaderView.swift; sourceTree = "<group>"; };
		E5E8A3DE2895208500A48A91 /* MyCommentsCollectionVIewCell.swift */ = {isa = PBXFileReference; lastKnownFileType = sourcecode.swift; path = MyCommentsCollectionVIewCell.swift; sourceTree = "<group>"; };
		E5E8A3E42895319100A48A91 /* MyLikeRoommateCollectionVIewCell.swift */ = {isa = PBXFileReference; lastKnownFileType = sourcecode.swift; path = MyLikeRoommateCollectionVIewCell.swift; sourceTree = "<group>"; };
		E5EB5F262891398200EC0425 /* CalendarView.swift */ = {isa = PBXFileReference; lastKnownFileType = sourcecode.swift; path = CalendarView.swift; sourceTree = "<group>"; };
		E5EB5F29289143A100EC0425 /* CalendarChipCell.swift */ = {isa = PBXFileReference; lastKnownFileType = sourcecode.swift; path = CalendarChipCell.swift; sourceTree = "<group>"; };
		E5EB5F2B2891534300EC0425 /* CalendarPersonalCollectionHeaderView.swift */ = {isa = PBXFileReference; lastKnownFileType = sourcecode.swift; path = CalendarPersonalCollectionHeaderView.swift; sourceTree = "<group>"; };
		E5EB5F2D2891535E00EC0425 /* CalendarDormCollectionHeaderView.swift */ = {isa = PBXFileReference; lastKnownFileType = sourcecode.swift; path = CalendarDormCollectionHeaderView.swift; sourceTree = "<group>"; };
		E5EB5F2F2891558D00EC0425 /* CalendarDormCell.swift */ = {isa = PBXFileReference; lastKnownFileType = sourcecode.swift; path = CalendarDormCell.swift; sourceTree = "<group>"; };
		E5EB5F312891589800EC0425 /* CalendarListUtilities.swift */ = {isa = PBXFileReference; lastKnownFileType = sourcecode.swift; path = CalendarListUtilities.swift; sourceTree = "<group>"; };
		E5F5EC712883C70C0026DE21 /* WebMailViewController.swift */ = {isa = PBXFileReference; lastKnownFileType = sourcecode.swift; path = WebMailViewController.swift; sourceTree = "<group>"; };
		E5F5EC732884025E0026DE21 /* CommunityViewController.swift */ = {isa = PBXFileReference; lastKnownFileType = sourcecode.swift; path = CommunityViewController.swift; sourceTree = "<group>"; };
		E5F5EC752884027D0026DE21 /* CalendarViewController.swift */ = {isa = PBXFileReference; lastKnownFileType = sourcecode.swift; path = CalendarViewController.swift; sourceTree = "<group>"; };
		E5F5EC77288402840026DE21 /* MyPageViewController.swift */ = {isa = PBXFileReference; lastKnownFileType = sourcecode.swift; path = MyPageViewController.swift; sourceTree = "<group>"; };
		E5FBBB862880304900A7158D /* SECRET.swift */ = {isa = PBXFileReference; lastKnownFileType = sourcecode.swift; path = SECRET.swift; sourceTree = "<group>"; };
/* End PBXFileReference section */

/* Begin PBXFrameworksBuildPhase section */
		E50300F028773A5D00611C62 /* Frameworks */ = {
			isa = PBXFrameworksBuildPhase;
			buildActionMask = 2147483647;
			files = (
				E5D31BF6289ABCE100510315 /* Tabman in Frameworks */,
				E57E48F82899666000D00BDB /* RxRelay in Frameworks */,
				E5D31BEF289A8A6700510315 /* RxKeyboard in Frameworks */,
				E57E48F62899666000D00BDB /* RxCocoa in Frameworks */,
				E5290F0C288832630004B8E6 /* RSKGrowingTextView in Frameworks */,
				E58ACB85288465970031BD86 /* FMPhotoPicker in Frameworks */,
				E563421E28780C3800E93D17 /* SnapKit in Frameworks */,
				E5C889062889729800CBD04E /* PanModal in Frameworks */,
				E57A42CC289596D8003D5834 /* CardSlider in Frameworks */,
				E5B15F6D287FCEFE004D4164 /* RSKPlaceholderTextView in Frameworks */,
				E5D03751288CFDE800080482 /* CHIOTPField in Frameworks */,
				E5340E8A289C713D0030A44F /* RxDataSources in Frameworks */,
				E57E48FA2899666000D00BDB /* RxSwift in Frameworks */,
				997DFD12B4BCFE2CC94F30DB /* Pods_idorm.framework in Frameworks */,
			);
			runOnlyForDeploymentPostprocessing = 0;
		};
/* End PBXFrameworksBuildPhase section */

/* Begin PBXGroup section */
		412A085C63CA6B4F422F3788 /* Pods */ = {
			isa = PBXGroup;
			children = (
				69BB34A2F8EE47053AC47F48 /* Pods-idorm.debug.xcconfig */,
				35F879886CD9E5BA06578394 /* Pods-idorm.release.xcconfig */,
			);
			path = Pods;
			sourceTree = "<group>";
		};
		E2593091C034F6240C996B85 /* Frameworks */ = {
			isa = PBXGroup;
			children = (
				42FFDC247CCC711BEA16CC03 /* Pods_idorm.framework */,
			);
			name = Frameworks;
			sourceTree = "<group>";
		};
		E50300EA28773A5D00611C62 = {
			isa = PBXGroup;
			children = (
				E50300F528773A5D00611C62 /* idorm */,
				E50300F428773A5D00611C62 /* Products */,
				412A085C63CA6B4F422F3788 /* Pods */,
				E2593091C034F6240C996B85 /* Frameworks */,
			);
			sourceTree = "<group>";
		};
		E50300F428773A5D00611C62 /* Products */ = {
			isa = PBXGroup;
			children = (
				E50300F328773A5D00611C62 /* idorm.app */,
			);
			name = Products;
			sourceTree = "<group>";
		};
		E50300F528773A5D00611C62 /* idorm */ = {
			isa = PBXGroup;
			children = (
				E5FBBB862880304900A7158D /* SECRET.swift */,
				E50300F628773A5D00611C62 /* AppDelegate.swift */,
				E50300F828773A5D00611C62 /* SceneDelegate.swift */,
				E5D4900C288BFB7E00311493 /* Models */,
				E56DF4CC2894063100E85B10 /* General */,
				E56DF4BD2894041D00E85B10 /* Login */,
				E56DF4B6289403A400E85B10 /* Onboarding */,
				E56DF4C2289405C000E85B10 /* Home */,
				E56DF4C3289405CD00E85B10 /* Matching */,
				E56DF4B02893CE4F00E85B10 /* Community */,
				E56DF4A82893C73600E85B10 /* Calendar */,
				E56DF4CA2894061000E85B10 /* MyPage */,
				E5084367288133570047A2EC /* Extensions */,
				E53C60AC287B34C400977909 /* Utilities */,
				E508437528813C270047A2EC /* Fonts */,
				E50300FF28773A5E00611C62 /* Assets.xcassets */,
				E503010128773A5E00611C62 /* LaunchScreen.storyboard */,
				E503010428773A5E00611C62 /* Info.plist */,
			);
			path = idorm;
			sourceTree = "<group>";
		};
		E5084367288133570047A2EC /* Extensions */ = {
			isa = PBXGroup;
			children = (
				E5AD7395287A8C2F00BA2C5E /* UIColor+Extensions.swift */,
				E5AD7397287A8D8800BA2C5E /* UITextField+Extensions.swift */,
				E55794ED287C36F5002DB2B0 /* UIView+Extensions.swift */,
				E57FB8552886E2710050BBAE /* PhotoLibrary+Extensions.swift */,
				E557E22828926F3B00F9C74D /* UIViewController+Extensions.swift */,
				E56DF4A328935B0800E85B10 /* UICollectionReusableView+Extensions.swift */,
				E5D31BF0289AAE3D00510315 /* UIScrollView+Extensions.swift */,
			);
			path = Extensions;
			sourceTree = "<group>";
		};
		E508437528813C270047A2EC /* Fonts */ = {
			isa = PBXGroup;
			children = (
				E508437628813CE80047A2EC /* FontManager.swift */,
				E508436D28813BF40047A2EC /* NotoSansCJKkr-Bold.otf */,
				E508437328813C220047A2EC /* NotoSansCJKkr-Regular.otf */,
				E508436F28813C030047A2EC /* NotoSansCJKkr-Medium.otf */,
			);
			path = Fonts;
			sourceTree = "<group>";
		};
		E508437C28814CB10047A2EC /* Auth */ = {
			isa = PBXGroup;
			children = (
				E508437A28814CAB0047A2EC /* AuthViewController.swift */,
				E5AD73A0287AFC5300BA2C5E /* AuthNumberViewController.swift */,
				E5F5EC712883C70C0026DE21 /* WebMailViewController.swift */,
			);
			path = Auth;
			sourceTree = "<group>";
		};
		E53C60AC287B34C400977909 /* Utilities */ = {
			isa = PBXGroup;
			children = (
				E5D4900F288BFFFD00311493 /* Utilities.swift */,
				E5D49013288C3DDA00311493 /* OnboardingUtilities.swift */,
				E5290F1128886D7A0004B8E6 /* CommunityUtilities.swift */,
				E508436B288133AD0047A2EC /* LoginUtilities.swift */,
			);
			path = Utilities;
			sourceTree = "<group>";
		};
		E53D6E7328963B14004BF95B /* Views */ = {
			isa = PBXGroup;
			children = (
				E53D6E7428963B21004BF95B /* MatchingFilterRangeSlider.swift */,
			);
			path = Views;
			sourceTree = "<group>";
		};
		E55DE2F72896DDBC004F1401 /* Utilities */ = {
			isa = PBXGroup;
			children = (
				E55DE2F82896DDC6004F1401 /* CalendarUtilities.swift */,
				E5EB5F312891589800EC0425 /* CalendarListUtilities.swift */,
			);
			path = Utilities;
			sourceTree = "<group>";
		};
		E56DF4A82893C73600E85B10 /* Calendar */ = {
			isa = PBXGroup;
			children = (
				E55DE2F72896DDBC004F1401 /* Utilities */,
				E56DF4AD2893C75C00E85B10 /* Models */,
				E56DF4AA2893C74600E85B10 /* ViewControllers */,
				E56DF4AC2893C75200E85B10 /* ViewModels */,
				E56DF4AB2893C74E00E85B10 /* Cells */,
				E56DF4A92893C74100E85B10 /* Views */,
			);
			path = Calendar;
			sourceTree = "<group>";
		};
		E56DF4A92893C74100E85B10 /* Views */ = {
			isa = PBXGroup;
			children = (
				E5EB5F262891398200EC0425 /* CalendarView.swift */,
				E56DF4AE2893C81F00E85B10 /* WeekdayCalendarView.swift */,
				E5EB5F2B2891534300EC0425 /* CalendarPersonalCollectionHeaderView.swift */,
				E5EB5F2D2891535E00EC0425 /* CalendarDormCollectionHeaderView.swift */,
				E56DF4A1289354AF00E85B10 /* CalendarRoundedBackgroundView.swift */,
				E5D31BEB289A792400510315 /* UnderlinedBackGroundView.swift */,
			);
			path = Views;
			sourceTree = "<group>";
		};
		E56DF4AA2893C74600E85B10 /* ViewControllers */ = {
			isa = PBXGroup;
			children = (
				E5F5EC752884027D0026DE21 /* CalendarViewController.swift */,
				E525C1CC28944E2800F934B3 /* CalendarPostViewController.swift */,
				E5D31BF2289AB83800510315 /* SetCalendarTabmanController.swift */,
				E5D31BF7289ABDC100510315 /* SetCalendarViewController.swift */,
			);
			path = ViewControllers;
			sourceTree = "<group>";
		};
		E56DF4AB2893C74E00E85B10 /* Cells */ = {
			isa = PBXGroup;
			children = (
				E5EB5F29289143A100EC0425 /* CalendarChipCell.swift */,
				E557E2262892593F00F9C74D /* CalendarPersonalCell.swift */,
				E5EB5F2F2891558D00EC0425 /* CalendarDormCell.swift */,
				E55DE2F52896DB06004F1401 /* CustomCalendarCell.swift */,
			);
			path = Cells;
			sourceTree = "<group>";
		};
		E56DF4AC2893C75200E85B10 /* ViewModels */ = {
			isa = PBXGroup;
			children = (
				E56DF4B42894036D00E85B10 /* CalendarViewModel.swift */,
				E5A60C7B289BE72A004B77E8 /* SetCalendarViewModel.swift */,
			);
			path = ViewModels;
			sourceTree = "<group>";
		};
		E56DF4AD2893C75C00E85B10 /* Models */ = {
			isa = PBXGroup;
			children = (
			);
			path = Models;
			sourceTree = "<group>";
		};
		E56DF4B02893CE4F00E85B10 /* Community */ = {
			isa = PBXGroup;
			children = (
				E56DF4B32893CE6700E85B10 /* Cells */,
				E56DF4B22893CE6100E85B10 /* ViewControllers */,
				E56DF4B12893CE5B00E85B10 /* Views */,
			);
			path = Community;
			sourceTree = "<group>";
		};
		E56DF4B12893CE5B00E85B10 /* Views */ = {
			isa = PBXGroup;
			children = (
				E5290F0828881C6E0004B8E6 /* CommunityDetailCollectionHeaderView.swift */,
			);
			path = Views;
			sourceTree = "<group>";
		};
		E56DF4B22893CE6100E85B10 /* ViewControllers */ = {
			isa = PBXGroup;
			children = (
				E5F5EC732884025E0026DE21 /* CommunityViewController.swift */,
				E5290F05288818E70004B8E6 /* CommunityDetailViewController.swift */,
				E5BF4C5E28840EBF00B4F0B8 /* PostingViewController.swift */,
				E58ACB8628846E050031BD86 /* ImagePickerViewController.swift */,
				E5C88907288972E000CBD04E /* CommunityAlertViewController.swift */,
				E5D49007288B7F0400311493 /* CommunityPopupViewController.swift */,
			);
			path = ViewControllers;
			sourceTree = "<group>";
		};
		E56DF4B32893CE6700E85B10 /* Cells */ = {
			isa = PBXGroup;
			children = (
				E5290EFC2887BBA30004B8E6 /* CommunityPopularCollectionVIewCell.swift */,
				E5290F0D288867E50004B8E6 /* CommunityDetailTableViewCell.swift */,
				E5290F0F288869700004B8E6 /* CommunityDetailHeaderCollectionViewCell.swift */,
				E58F96FC28857A4100CC3C75 /* PostingPictureCollectionViewCell.swift */,
				E58F96FA2884E85B00CC3C75 /* ImagePickerCollectionViewCell.swift */,
			);
			path = Cells;
			sourceTree = "<group>";
		};
		E56DF4B6289403A400E85B10 /* Onboarding */ = {
			isa = PBXGroup;
			children = (
				E56DF4BC289403CD00E85B10 /* ViewModels */,
				E56DF4B8289403B600E85B10 /* ViewControllers */,
				E56DF4BB289403C300E85B10 /* Cells */,
				E56DF4B7289403AC00E85B10 /* Views */,
			);
			path = Onboarding;
			sourceTree = "<group>";
		};
		E56DF4B7289403AC00E85B10 /* Views */ = {
			isa = PBXGroup;
			children = (
				E56342202878246200E93D17 /* OnboardingTableHeaderView.swift */,
				E5AC2DCA2882F24000B82AD8 /* OnboardingTextFieldContainerView.swift */,
				E58131A7288E6AC6000DB8C9 /* OnboardingFloatyBottomView.swift */,
			);
			path = Views;
			sourceTree = "<group>";
		};
		E56DF4B8289403B600E85B10 /* ViewControllers */ = {
			isa = PBXGroup;
			children = (
				E5D49015288C449600311493 /* OnboardingVIewController.swift */,
				E5B15F6E287FE355004D4164 /* OnboardingDetailViewController.swift */,
			);
			path = ViewControllers;
			sourceTree = "<group>";
		};
		E56DF4BB289403C300E85B10 /* Cells */ = {
			isa = PBXGroup;
			children = (
				E55794EF287C496D002DB2B0 /* OnboardingTableViewCell.swift */,
			);
			path = Cells;
			sourceTree = "<group>";
		};
		E56DF4BC289403CD00E85B10 /* ViewModels */ = {
			isa = PBXGroup;
			children = (
				E563421728780BDE00E93D17 /* OnboardingViewModel.swift */,
			);
			path = ViewModels;
			sourceTree = "<group>";
		};
		E56DF4BD2894041D00E85B10 /* Login */ = {
			isa = PBXGroup;
			children = (
				E56DF4C12894043D00E85B10 /* ViewModels */,
				E56DF4C02894043100E85B10 /* Cells */,
				E56DF4BF2894042D00E85B10 /* ViewControllers */,
				E56DF4BE2894042500E85B10 /* Views */,
			);
			path = Login;
			sourceTree = "<group>";
		};
		E56DF4BE2894042500E85B10 /* Views */ = {
			isa = PBXGroup;
			children = (
				E5AC2DCE288303A300B82AD8 /* LoginPasswordTextFieldContainerView.swift */,
				E586B6A428901B06005AB9C2 /* LoginTextFieldContainerView.swift */,
			);
			path = Views;
			sourceTree = "<group>";
		};
		E56DF4BF2894042D00E85B10 /* ViewControllers */ = {
			isa = PBXGroup;
			children = (
				E508437C28814CB10047A2EC /* Auth */,
				E5AD7390287A863800BA2C5E /* LoginViewController.swift */,
				E5AD739E287AEF2D00BA2C5E /* PutEmailViewController.swift */,
				E5AD73A2287B2B5200BA2C5E /* ConfirmPasswordViewController.swift */,
				E53C60AF287B37CB00977909 /* CompleteSignUpViewController.swift */,
				E5AD739C287AE08F00BA2C5E /* LoginPopupViewController.swift */,
			);
			path = ViewControllers;
			sourceTree = "<group>";
		};
		E56DF4C02894043100E85B10 /* Cells */ = {
			isa = PBXGroup;
			children = (
			);
			path = Cells;
			sourceTree = "<group>";
		};
		E56DF4C12894043D00E85B10 /* ViewModels */ = {
			isa = PBXGroup;
			children = (
			);
			path = ViewModels;
			sourceTree = "<group>";
		};
		E56DF4C2289405C000E85B10 /* Home */ = {
			isa = PBXGroup;
			children = (
				E56DF4C8289405E100E85B10 /* ViewModels */,
				E56DF4C7289405DF00E85B10 /* ViewControllers */,
				E56DF4C6289405DC00E85B10 /* Cells */,
				E56DF4C4289405D600E85B10 /* Views */,
			);
			path = Home;
			sourceTree = "<group>";
		};
		E56DF4C3289405CD00E85B10 /* Matching */ = {
			isa = PBXGroup;
			children = (
				E53D6E7328963B14004BF95B /* Views */,
				E5AB97C22895583C00C0CEDF /* ViewModels */,
				E56DF4C92894060200E85B10 /* ViewControllers */,
			);
			path = Matching;
			sourceTree = "<group>";
		};
		E56DF4C4289405D600E85B10 /* Views */ = {
			isa = PBXGroup;
			children = (
				E53086E728795D2700A5D0A0 /* HomeCollectionHeaderView.swift */,
			);
			path = Views;
			sourceTree = "<group>";
		};
		E56DF4C6289405DC00E85B10 /* Cells */ = {
			isa = PBXGroup;
			children = (
				E53086E5287928B400A5D0A0 /* HomePopularCollectionViewCell.swift */,
				E53086E12879284000A5D0A0 /* HomeRoommateCollectionViewCell.swift */,
			);
			path = Cells;
			sourceTree = "<group>";
		};
		E56DF4C7289405DF00E85B10 /* ViewControllers */ = {
			isa = PBXGroup;
			children = (
				E563422428784ED400E93D17 /* HomeViewController.swift */,
			);
			path = ViewControllers;
			sourceTree = "<group>";
		};
		E56DF4C8289405E100E85B10 /* ViewModels */ = {
			isa = PBXGroup;
			children = (
				E53086E32879287100A5D0A0 /* HomeListViewModel.swift */,
			);
			path = ViewModels;
			sourceTree = "<group>";
		};
		E56DF4C92894060200E85B10 /* ViewControllers */ = {
			isa = PBXGroup;
			children = (
				E5D4900A288BFA0200311493 /* MatchingViewController.swift */,
				E5AB97C32895671800C0CEDF /* MatchingFilterViewController.swift */,
			);
			path = ViewControllers;
			sourceTree = "<group>";
		};
		E56DF4CA2894061000E85B10 /* MyPage */ = {
			isa = PBXGroup;
			children = (
				E5E8A3D92895043F00A48A91 /* Models */,
				E5E8A3D82894BA8B00A48A91 /* ViewModels */,
				E5E8A3D72894BA8600A48A91 /* Cells */,
				E5E8A3D62894BA8000A48A91 /* Views */,
				E56DF4CB2894061800E85B10 /* ViewControllers */,
			);
			path = MyPage;
			sourceTree = "<group>";
		};
		E56DF4CB2894061800E85B10 /* ViewControllers */ = {
			isa = PBXGroup;
			children = (
				E5F5EC77288402840026DE21 /* MyPageViewController.swift */,
				E5E8A3DA289505B400A48A91 /* MyPostViewController.swift */,
			);
			path = ViewControllers;
			sourceTree = "<group>";
		};
		E56DF4CC2894063100E85B10 /* General */ = {
			isa = PBXGroup;
			children = (
				E5E8A3E32895216200A48A91 /* Models */,
				E5E8A3E22895215700A48A91 /* ViewControllers */,
				E5E8A3E12895215100A48A91 /* Views */,
				E5E8A3E02895214C00A48A91 /* Cells */,
			);
			path = General;
			sourceTree = "<group>";
		};
		E5AB97C22895583C00C0CEDF /* ViewModels */ = {
			isa = PBXGroup;
			children = (
			);
			path = ViewModels;
			sourceTree = "<group>";
		};
		E5D4900C288BFB7E00311493 /* Models */ = {
			isa = PBXGroup;
			children = (
				E5D4900D288BFB9100311493 /* MyInfo.swift */,
			);
			path = Models;
			sourceTree = "<group>";
		};
		E5E8A3D62894BA8000A48A91 /* Views */ = {
			isa = PBXGroup;
			children = (
				E5E8A3DC289505F000A48A91 /* MyPostCollectionHeaderView.swift */,
			);
			path = Views;
			sourceTree = "<group>";
		};
		E5E8A3D72894BA8600A48A91 /* Cells */ = {
			isa = PBXGroup;
			children = (
				E5E8A3DE2895208500A48A91 /* MyCommentsCollectionVIewCell.swift */,
				E5E8A3E42895319100A48A91 /* MyLikeRoommateCollectionVIewCell.swift */,
			);
			path = Cells;
			sourceTree = "<group>";
		};
		E5E8A3D82894BA8B00A48A91 /* ViewModels */ = {
			isa = PBXGroup;
			children = (
			);
			path = ViewModels;
			sourceTree = "<group>";
		};
		E5E8A3D92895043F00A48A91 /* Models */ = {
			isa = PBXGroup;
			children = (
			);
			path = Models;
			sourceTree = "<group>";
		};
		E5E8A3E02895214C00A48A91 /* Cells */ = {
			isa = PBXGroup;
			children = (
				E5290EFE2887BBB00004B8E6 /* PostCollectionViewCell.swift */,
			);
			path = Cells;
			sourceTree = "<group>";
		};
		E5E8A3E12895215100A48A91 /* Views */ = {
			isa = PBXGroup;
			children = (
				E5D49011288C003800311493 /* MyInfoView.swift */,
			);
			path = Views;
			sourceTree = "<group>";
		};
		E5E8A3E22895215700A48A91 /* ViewControllers */ = {
			isa = PBXGroup;
			children = (
				E56342222878353100E93D17 /* TabBarController.swift */,
			);
			path = ViewControllers;
			sourceTree = "<group>";
		};
		E5E8A3E32895216200A48A91 /* Models */ = {
			isa = PBXGroup;
			children = (
			);
			path = Models;
			sourceTree = "<group>";
		};
/* End PBXGroup section */

/* Begin PBXNativeTarget section */
		E50300F228773A5D00611C62 /* idorm */ = {
			isa = PBXNativeTarget;
			buildConfigurationList = E503010728773A5E00611C62 /* Build configuration list for PBXNativeTarget "idorm" */;
			buildPhases = (
				A5612E7851E3BB7BED3436EB /* [CP] Check Pods Manifest.lock */,
				E50300EF28773A5D00611C62 /* Sources */,
				E50300F028773A5D00611C62 /* Frameworks */,
				E50300F128773A5D00611C62 /* Resources */,
				05D8A5DB347A05C202DA66B2 /* [CP] Embed Pods Frameworks */,
			);
			buildRules = (
			);
			dependencies = (
			);
			name = idorm;
			packageProductDependencies = (
				E563421D28780C3800E93D17 /* SnapKit */,
				E5B15F6C287FCEFE004D4164 /* RSKPlaceholderTextView */,
				E58ACB84288465970031BD86 /* FMPhotoPicker */,
				E5290F0B288832630004B8E6 /* RSKGrowingTextView */,
				E5C889052889729800CBD04E /* PanModal */,
				E5D03750288CFDE800080482 /* CHIOTPField */,
				E57A42CB289596D8003D5834 /* CardSlider */,
				E57E48F52899666000D00BDB /* RxCocoa */,
				E57E48F72899666000D00BDB /* RxRelay */,
				E57E48F92899666000D00BDB /* RxSwift */,
				E5D31BEE289A8A6700510315 /* RxKeyboard */,
				E5D31BF5289ABCE100510315 /* Tabman */,
				E5340E89289C713D0030A44F /* RxDataSources */,
			);
			productName = idorm;
			productReference = E50300F328773A5D00611C62 /* idorm.app */;
			productType = "com.apple.product-type.application";
		};
/* End PBXNativeTarget section */

/* Begin PBXProject section */
		E50300EB28773A5D00611C62 /* Project object */ = {
			isa = PBXProject;
			attributes = {
				BuildIndependentTargetsInParallel = 1;
				LastSwiftUpdateCheck = 1340;
				LastUpgradeCheck = 1340;
				TargetAttributes = {
					E50300F228773A5D00611C62 = {
						CreatedOnToolsVersion = 13.4.1;
					};
				};
			};
			buildConfigurationList = E50300EE28773A5D00611C62 /* Build configuration list for PBXProject "idorm" */;
			compatibilityVersion = "Xcode 13.0";
			developmentRegion = en;
			hasScannedForEncodings = 0;
			knownRegions = (
				en,
				Base,
			);
			mainGroup = E50300EA28773A5D00611C62;
			packageReferences = (
				E563421C28780C3800E93D17 /* XCRemoteSwiftPackageReference "SnapKit" */,
				E5B15F6B287FCEFE004D4164 /* XCRemoteSwiftPackageReference "RSKPlaceholderTextView" */,
				E58ACB83288465970031BD86 /* XCRemoteSwiftPackageReference "FMPhotoPicker" */,
				E5290F0A288832630004B8E6 /* XCRemoteSwiftPackageReference "RSKGrowingTextView" */,
				E5C889042889729800CBD04E /* XCRemoteSwiftPackageReference "PanModal" */,
				E5D0374F288CFDE800080482 /* XCRemoteSwiftPackageReference "CHIOTPField" */,
				E57A42CA289596D8003D5834 /* XCRemoteSwiftPackageReference "cardslider" */,
				E57E48F42899666000D00BDB /* XCRemoteSwiftPackageReference "RxSwift" */,
				E5D31BED289A8A6700510315 /* XCRemoteSwiftPackageReference "RxKeyboard" */,
				E5D31BF4289ABCE100510315 /* XCRemoteSwiftPackageReference "Tabman" */,
				E5340E88289C713D0030A44F /* XCRemoteSwiftPackageReference "RxDataSources" */,
			);
			productRefGroup = E50300F428773A5D00611C62 /* Products */;
			projectDirPath = "";
			projectRoot = "";
			targets = (
				E50300F228773A5D00611C62 /* idorm */,
			);
		};
/* End PBXProject section */

/* Begin PBXResourcesBuildPhase section */
		E50300F128773A5D00611C62 /* Resources */ = {
			isa = PBXResourcesBuildPhase;
			buildActionMask = 2147483647;
			files = (
				E508437428813C220047A2EC /* NotoSansCJKkr-Regular.otf in Resources */,
				E503010328773A5E00611C62 /* LaunchScreen.storyboard in Resources */,
				E503010028773A5E00611C62 /* Assets.xcassets in Resources */,
				E508436E28813BF40047A2EC /* NotoSansCJKkr-Bold.otf in Resources */,
				E508437028813C030047A2EC /* NotoSansCJKkr-Medium.otf in Resources */,
			);
			runOnlyForDeploymentPostprocessing = 0;
		};
/* End PBXResourcesBuildPhase section */

/* Begin PBXShellScriptBuildPhase section */
		05D8A5DB347A05C202DA66B2 /* [CP] Embed Pods Frameworks */ = {
			isa = PBXShellScriptBuildPhase;
			buildActionMask = 2147483647;
			files = (
			);
			inputFileListPaths = (
				"${PODS_ROOT}/Target Support Files/Pods-idorm/Pods-idorm-frameworks-${CONFIGURATION}-input-files.xcfilelist",
			);
			name = "[CP] Embed Pods Frameworks";
			outputFileListPaths = (
				"${PODS_ROOT}/Target Support Files/Pods-idorm/Pods-idorm-frameworks-${CONFIGURATION}-output-files.xcfilelist",
			);
			runOnlyForDeploymentPostprocessing = 0;
			shellPath = /bin/sh;
			shellScript = "\"${PODS_ROOT}/Target Support Files/Pods-idorm/Pods-idorm-frameworks.sh\"\n";
			showEnvVarsInLog = 0;
		};
		A5612E7851E3BB7BED3436EB /* [CP] Check Pods Manifest.lock */ = {
			isa = PBXShellScriptBuildPhase;
			buildActionMask = 2147483647;
			files = (
			);
			inputFileListPaths = (
			);
			inputPaths = (
				"${PODS_PODFILE_DIR_PATH}/Podfile.lock",
				"${PODS_ROOT}/Manifest.lock",
			);
			name = "[CP] Check Pods Manifest.lock";
			outputFileListPaths = (
			);
			outputPaths = (
				"$(DERIVED_FILE_DIR)/Pods-idorm-checkManifestLockResult.txt",
			);
			runOnlyForDeploymentPostprocessing = 0;
			shellPath = /bin/sh;
			shellScript = "diff \"${PODS_PODFILE_DIR_PATH}/Podfile.lock\" \"${PODS_ROOT}/Manifest.lock\" > /dev/null\nif [ $? != 0 ] ; then\n    # print error to STDERR\n    echo \"error: The sandbox is not in sync with the Podfile.lock. Run 'pod install' or update your CocoaPods installation.\" >&2\n    exit 1\nfi\n# This output is used by Xcode 'outputs' to avoid re-running this script phase.\necho \"SUCCESS\" > \"${SCRIPT_OUTPUT_FILE_0}\"\n";
			showEnvVarsInLog = 0;
		};
/* End PBXShellScriptBuildPhase section */

/* Begin PBXSourcesBuildPhase section */
		E50300EF28773A5D00611C62 /* Sources */ = {
			isa = PBXSourcesBuildPhase;
			buildActionMask = 2147483647;
			files = (
				E53086E22879284000A5D0A0 /* HomeRoommateCollectionViewCell.swift in Sources */,
				E5EB5F2E2891535E00EC0425 /* CalendarDormCollectionHeaderView.swift in Sources */,
				E5A60C7C289BE72A004B77E8 /* SetCalendarViewModel.swift in Sources */,
				E5AD73A3287B2B5200BA2C5E /* ConfirmPasswordViewController.swift in Sources */,
				E5EB5F302891558D00EC0425 /* CalendarDormCell.swift in Sources */,
				E525C1CD28944E2800F934B3 /* CalendarPostViewController.swift in Sources */,
				E557E22928926F3B00F9C74D /* UIViewController+Extensions.swift in Sources */,
				E55DE2F92896DDC6004F1401 /* CalendarUtilities.swift in Sources */,
				E5AD739D287AE08F00BA2C5E /* LoginPopupViewController.swift in Sources */,
				E53C60B0287B37CB00977909 /* CompleteSignUpViewController.swift in Sources */,
				E557E2272892593F00F9C74D /* CalendarPersonalCell.swift in Sources */,
				E5290F0928881C6E0004B8E6 /* CommunityDetailCollectionHeaderView.swift in Sources */,
				E50300F728773A5D00611C62 /* AppDelegate.swift in Sources */,
				E55794EE287C36F5002DB2B0 /* UIView+Extensions.swift in Sources */,
				E5EB5F2C2891534300EC0425 /* CalendarPersonalCollectionHeaderView.swift in Sources */,
				E5AD7398287A8D8800BA2C5E /* UITextField+Extensions.swift in Sources */,
				E5FBBB872880304900A7158D /* SECRET.swift in Sources */,
				E508437728813CE80047A2EC /* FontManager.swift in Sources */,
				E53086E42879287100A5D0A0 /* HomeListViewModel.swift in Sources */,
				E5F5EC742884025E0026DE21 /* CommunityViewController.swift in Sources */,
				E5AC2DCF288303A300B82AD8 /* LoginPasswordTextFieldContainerView.swift in Sources */,
				E5290F10288869700004B8E6 /* CommunityDetailHeaderCollectionViewCell.swift in Sources */,
				E5EB5F322891589800EC0425 /* CalendarListUtilities.swift in Sources */,
				E5290F0E288867E50004B8E6 /* CommunityDetailTableViewCell.swift in Sources */,
				E57FB8562886E2710050BBAE /* PhotoLibrary+Extensions.swift in Sources */,
				E56DF4A428935B0800E85B10 /* UICollectionReusableView+Extensions.swift in Sources */,
				E50300F928773A5D00611C62 /* SceneDelegate.swift in Sources */,
				E5D4900B288BFA0200311493 /* MatchingViewController.swift in Sources */,
				E53086E6287928B400A5D0A0 /* HomePopularCollectionViewCell.swift in Sources */,
				E53086E828795D2700A5D0A0 /* HomeCollectionHeaderView.swift in Sources */,
				E563422528784ED400E93D17 /* HomeViewController.swift in Sources */,
				E5AD73A1287AFC5300BA2C5E /* AuthNumberViewController.swift in Sources */,
				E56DF4B52894036D00E85B10 /* CalendarViewModel.swift in Sources */,
				E5C88908288972E000CBD04E /* CommunityAlertViewController.swift in Sources */,
				E55794F0287C496D002DB2B0 /* OnboardingTableViewCell.swift in Sources */,
				E5290EFF2887BBB00004B8E6 /* PostCollectionViewCell.swift in Sources */,
				E5EB5F272891398200EC0425 /* CalendarView.swift in Sources */,
				E5290F06288818E70004B8E6 /* CommunityDetailViewController.swift in Sources */,
				E58F96FD28857A4100CC3C75 /* PostingPictureCollectionViewCell.swift in Sources */,
				E58F96FB2884E85B00CC3C75 /* ImagePickerCollectionViewCell.swift in Sources */,
				E586B6A528901B06005AB9C2 /* LoginTextFieldContainerView.swift in Sources */,
				E5D31BF3289AB83800510315 /* SetCalendarTabmanController.swift in Sources */,
				E5D49010288BFFFD00311493 /* Utilities.swift in Sources */,
				E5AC2DCB2882F24000B82AD8 /* OnboardingTextFieldContainerView.swift in Sources */,
				E53D6E7528963B21004BF95B /* MatchingFilterRangeSlider.swift in Sources */,
				E5E8A3DB289505B500A48A91 /* MyPostViewController.swift in Sources */,
				E5E8A3DD289505F000A48A91 /* MyPostCollectionHeaderView.swift in Sources */,
				E58131A8288E6AC6000DB8C9 /* OnboardingFloatyBottomView.swift in Sources */,
				E56342212878246200E93D17 /* OnboardingTableHeaderView.swift in Sources */,
				E508436C288133AD0047A2EC /* LoginUtilities.swift in Sources */,
				E56342232878353100E93D17 /* TabBarController.swift in Sources */,
				E56DF4AF2893C81F00E85B10 /* WeekdayCalendarView.swift in Sources */,
				E5E8A3DF2895208500A48A91 /* MyCommentsCollectionVIewCell.swift in Sources */,
				E5F5EC762884027D0026DE21 /* CalendarViewController.swift in Sources */,
				E58ACB8728846E050031BD86 /* ImagePickerViewController.swift in Sources */,
				E56DF4A2289354AF00E85B10 /* CalendarRoundedBackgroundView.swift in Sources */,
				E508437B28814CAB0047A2EC /* AuthViewController.swift in Sources */,
				E5EB5F2A289143A100EC0425 /* CalendarChipCell.swift in Sources */,
				E5D31BEC289A792400510315 /* UnderlinedBackGroundView.swift in Sources */,
				E5F5EC78288402840026DE21 /* MyPageViewController.swift in Sources */,
				E5BF4C5F28840EBF00B4F0B8 /* PostingViewController.swift in Sources */,
				E5D4900E288BFB9100311493 /* MyInfo.swift in Sources */,
				E563421828780BDE00E93D17 /* OnboardingViewModel.swift in Sources */,
				E5AB97C42895671800C0CEDF /* MatchingFilterViewController.swift in Sources */,
				E5D49008288B7F0400311493 /* CommunityPopupViewController.swift in Sources */,
				E5AD7396287A8C2F00BA2C5E /* UIColor+Extensions.swift in Sources */,
				E5D49012288C003800311493 /* MyInfoView.swift in Sources */,
				E5E8A3E52895319100A48A91 /* MyLikeRoommateCollectionVIewCell.swift in Sources */,
				E5AD7391287A863800BA2C5E /* LoginViewController.swift in Sources */,
				E5AD739F287AEF2D00BA2C5E /* PutEmailViewController.swift in Sources */,
				E5D31BF8289ABDC100510315 /* SetCalendarViewController.swift in Sources */,
				E5F5EC722883C70C0026DE21 /* WebMailViewController.swift in Sources */,
				E5290EFD2887BBA40004B8E6 /* CommunityPopularCollectionVIewCell.swift in Sources */,
				E55DE2F62896DB06004F1401 /* CustomCalendarCell.swift in Sources */,
				E5D49016288C449600311493 /* OnboardingVIewController.swift in Sources */,
				E5290F1228886D7A0004B8E6 /* CommunityUtilities.swift in Sources */,
				E5B15F6F287FE355004D4164 /* OnboardingDetailViewController.swift in Sources */,
				E5D49014288C3DDB00311493 /* OnboardingUtilities.swift in Sources */,
				E5D31BF1289AAE3D00510315 /* UIScrollView+Extensions.swift in Sources */,
			);
			runOnlyForDeploymentPostprocessing = 0;
		};
/* End PBXSourcesBuildPhase section */

/* Begin PBXVariantGroup section */
		E503010128773A5E00611C62 /* LaunchScreen.storyboard */ = {
			isa = PBXVariantGroup;
			children = (
				E503010228773A5E00611C62 /* Base */,
			);
			name = LaunchScreen.storyboard;
			sourceTree = "<group>";
		};
/* End PBXVariantGroup section */

/* Begin XCBuildConfiguration section */
		E503010528773A5E00611C62 /* Debug */ = {
			isa = XCBuildConfiguration;
			buildSettings = {
				ALWAYS_SEARCH_USER_PATHS = NO;
				CLANG_ANALYZER_NONNULL = YES;
				CLANG_ANALYZER_NUMBER_OBJECT_CONVERSION = YES_AGGRESSIVE;
				CLANG_CXX_LANGUAGE_STANDARD = "gnu++17";
				CLANG_ENABLE_MODULES = YES;
				CLANG_ENABLE_OBJC_ARC = YES;
				CLANG_ENABLE_OBJC_WEAK = YES;
				CLANG_WARN_BLOCK_CAPTURE_AUTORELEASING = YES;
				CLANG_WARN_BOOL_CONVERSION = YES;
				CLANG_WARN_COMMA = YES;
				CLANG_WARN_CONSTANT_CONVERSION = YES;
				CLANG_WARN_DEPRECATED_OBJC_IMPLEMENTATIONS = YES;
				CLANG_WARN_DIRECT_OBJC_ISA_USAGE = YES_ERROR;
				CLANG_WARN_DOCUMENTATION_COMMENTS = YES;
				CLANG_WARN_EMPTY_BODY = YES;
				CLANG_WARN_ENUM_CONVERSION = YES;
				CLANG_WARN_INFINITE_RECURSION = YES;
				CLANG_WARN_INT_CONVERSION = YES;
				CLANG_WARN_NON_LITERAL_NULL_CONVERSION = YES;
				CLANG_WARN_OBJC_IMPLICIT_RETAIN_SELF = YES;
				CLANG_WARN_OBJC_LITERAL_CONVERSION = YES;
				CLANG_WARN_OBJC_ROOT_CLASS = YES_ERROR;
				CLANG_WARN_QUOTED_INCLUDE_IN_FRAMEWORK_HEADER = YES;
				CLANG_WARN_RANGE_LOOP_ANALYSIS = YES;
				CLANG_WARN_STRICT_PROTOTYPES = YES;
				CLANG_WARN_SUSPICIOUS_MOVE = YES;
				CLANG_WARN_UNGUARDED_AVAILABILITY = YES_AGGRESSIVE;
				CLANG_WARN_UNREACHABLE_CODE = YES;
				CLANG_WARN__DUPLICATE_METHOD_MATCH = YES;
				COPY_PHASE_STRIP = NO;
				DEBUG_INFORMATION_FORMAT = dwarf;
				ENABLE_STRICT_OBJC_MSGSEND = YES;
				ENABLE_TESTABILITY = YES;
				GCC_C_LANGUAGE_STANDARD = gnu11;
				GCC_DYNAMIC_NO_PIC = NO;
				GCC_NO_COMMON_BLOCKS = YES;
				GCC_OPTIMIZATION_LEVEL = 0;
				GCC_PREPROCESSOR_DEFINITIONS = (
					"DEBUG=1",
					"$(inherited)",
				);
				GCC_WARN_64_TO_32_BIT_CONVERSION = YES;
				GCC_WARN_ABOUT_RETURN_TYPE = YES_ERROR;
				GCC_WARN_UNDECLARED_SELECTOR = YES;
				GCC_WARN_UNINITIALIZED_AUTOS = YES_AGGRESSIVE;
				GCC_WARN_UNUSED_FUNCTION = YES;
				GCC_WARN_UNUSED_VARIABLE = YES;
				IPHONEOS_DEPLOYMENT_TARGET = 15.5;
				MTL_ENABLE_DEBUG_INFO = INCLUDE_SOURCE;
				MTL_FAST_MATH = YES;
				ONLY_ACTIVE_ARCH = YES;
				SDKROOT = iphoneos;
				SWIFT_ACTIVE_COMPILATION_CONDITIONS = DEBUG;
				SWIFT_OPTIMIZATION_LEVEL = "-Onone";
			};
			name = Debug;
		};
		E503010628773A5E00611C62 /* Release */ = {
			isa = XCBuildConfiguration;
			buildSettings = {
				ALWAYS_SEARCH_USER_PATHS = NO;
				CLANG_ANALYZER_NONNULL = YES;
				CLANG_ANALYZER_NUMBER_OBJECT_CONVERSION = YES_AGGRESSIVE;
				CLANG_CXX_LANGUAGE_STANDARD = "gnu++17";
				CLANG_ENABLE_MODULES = YES;
				CLANG_ENABLE_OBJC_ARC = YES;
				CLANG_ENABLE_OBJC_WEAK = YES;
				CLANG_WARN_BLOCK_CAPTURE_AUTORELEASING = YES;
				CLANG_WARN_BOOL_CONVERSION = YES;
				CLANG_WARN_COMMA = YES;
				CLANG_WARN_CONSTANT_CONVERSION = YES;
				CLANG_WARN_DEPRECATED_OBJC_IMPLEMENTATIONS = YES;
				CLANG_WARN_DIRECT_OBJC_ISA_USAGE = YES_ERROR;
				CLANG_WARN_DOCUMENTATION_COMMENTS = YES;
				CLANG_WARN_EMPTY_BODY = YES;
				CLANG_WARN_ENUM_CONVERSION = YES;
				CLANG_WARN_INFINITE_RECURSION = YES;
				CLANG_WARN_INT_CONVERSION = YES;
				CLANG_WARN_NON_LITERAL_NULL_CONVERSION = YES;
				CLANG_WARN_OBJC_IMPLICIT_RETAIN_SELF = YES;
				CLANG_WARN_OBJC_LITERAL_CONVERSION = YES;
				CLANG_WARN_OBJC_ROOT_CLASS = YES_ERROR;
				CLANG_WARN_QUOTED_INCLUDE_IN_FRAMEWORK_HEADER = YES;
				CLANG_WARN_RANGE_LOOP_ANALYSIS = YES;
				CLANG_WARN_STRICT_PROTOTYPES = YES;
				CLANG_WARN_SUSPICIOUS_MOVE = YES;
				CLANG_WARN_UNGUARDED_AVAILABILITY = YES_AGGRESSIVE;
				CLANG_WARN_UNREACHABLE_CODE = YES;
				CLANG_WARN__DUPLICATE_METHOD_MATCH = YES;
				COPY_PHASE_STRIP = NO;
				DEBUG_INFORMATION_FORMAT = "dwarf-with-dsym";
				ENABLE_NS_ASSERTIONS = NO;
				ENABLE_STRICT_OBJC_MSGSEND = YES;
				GCC_C_LANGUAGE_STANDARD = gnu11;
				GCC_NO_COMMON_BLOCKS = YES;
				GCC_WARN_64_TO_32_BIT_CONVERSION = YES;
				GCC_WARN_ABOUT_RETURN_TYPE = YES_ERROR;
				GCC_WARN_UNDECLARED_SELECTOR = YES;
				GCC_WARN_UNINITIALIZED_AUTOS = YES_AGGRESSIVE;
				GCC_WARN_UNUSED_FUNCTION = YES;
				GCC_WARN_UNUSED_VARIABLE = YES;
				IPHONEOS_DEPLOYMENT_TARGET = 15.5;
				MTL_ENABLE_DEBUG_INFO = NO;
				MTL_FAST_MATH = YES;
				SDKROOT = iphoneos;
				SWIFT_COMPILATION_MODE = wholemodule;
				SWIFT_OPTIMIZATION_LEVEL = "-O";
				VALIDATE_PRODUCT = YES;
			};
			name = Release;
		};
		E503010828773A5E00611C62 /* Debug */ = {
			isa = XCBuildConfiguration;
			baseConfigurationReference = 69BB34A2F8EE47053AC47F48 /* Pods-idorm.debug.xcconfig */;
			buildSettings = {
				ASSETCATALOG_COMPILER_APPICON_NAME = AppIcon;
				ASSETCATALOG_COMPILER_GLOBAL_ACCENT_COLOR_NAME = AccentColor;
				CODE_SIGN_STYLE = Automatic;
				CURRENT_PROJECT_VERSION = 1;
				DEVELOPMENT_TEAM = 95JTZ6AP78;
				GENERATE_INFOPLIST_FILE = YES;
				INFOPLIST_FILE = idorm/Info.plist;
				INFOPLIST_KEY_UIApplicationSupportsIndirectInputEvents = YES;
				INFOPLIST_KEY_UILaunchStoryboardName = LaunchScreen;
				INFOPLIST_KEY_UISupportedInterfaceOrientations_iPad = "UIInterfaceOrientationPortrait UIInterfaceOrientationPortraitUpsideDown UIInterfaceOrientationLandscapeLeft UIInterfaceOrientationLandscapeRight";
				INFOPLIST_KEY_UISupportedInterfaceOrientations_iPhone = "UIInterfaceOrientationPortrait UIInterfaceOrientationLandscapeLeft UIInterfaceOrientationLandscapeRight";
				LD_RUNPATH_SEARCH_PATHS = (
					"$(inherited)",
					"@executable_path/Frameworks",
				);
				MARKETING_VERSION = 1.0;
				PRODUCT_BUNDLE_IDENTIFIER = eungcheol.idorm;
				PRODUCT_NAME = "$(TARGET_NAME)";
				SWIFT_EMIT_LOC_STRINGS = YES;
				SWIFT_VERSION = 5.0;
				TARGETED_DEVICE_FAMILY = "1,2";
			};
			name = Debug;
		};
		E503010928773A5E00611C62 /* Release */ = {
			isa = XCBuildConfiguration;
			baseConfigurationReference = 35F879886CD9E5BA06578394 /* Pods-idorm.release.xcconfig */;
			buildSettings = {
				ASSETCATALOG_COMPILER_APPICON_NAME = AppIcon;
				ASSETCATALOG_COMPILER_GLOBAL_ACCENT_COLOR_NAME = AccentColor;
				CODE_SIGN_STYLE = Automatic;
				CURRENT_PROJECT_VERSION = 1;
				DEVELOPMENT_TEAM = 95JTZ6AP78;
				GENERATE_INFOPLIST_FILE = YES;
				INFOPLIST_FILE = idorm/Info.plist;
				INFOPLIST_KEY_UIApplicationSupportsIndirectInputEvents = YES;
				INFOPLIST_KEY_UILaunchStoryboardName = LaunchScreen;
				INFOPLIST_KEY_UISupportedInterfaceOrientations_iPad = "UIInterfaceOrientationPortrait UIInterfaceOrientationPortraitUpsideDown UIInterfaceOrientationLandscapeLeft UIInterfaceOrientationLandscapeRight";
				INFOPLIST_KEY_UISupportedInterfaceOrientations_iPhone = "UIInterfaceOrientationPortrait UIInterfaceOrientationLandscapeLeft UIInterfaceOrientationLandscapeRight";
				LD_RUNPATH_SEARCH_PATHS = (
					"$(inherited)",
					"@executable_path/Frameworks",
				);
				MARKETING_VERSION = 1.0;
				PRODUCT_BUNDLE_IDENTIFIER = eungcheol.idorm;
				PRODUCT_NAME = "$(TARGET_NAME)";
				SWIFT_EMIT_LOC_STRINGS = YES;
				SWIFT_VERSION = 5.0;
				TARGETED_DEVICE_FAMILY = "1,2";
			};
			name = Release;
		};
/* End XCBuildConfiguration section */

/* Begin XCConfigurationList section */
		E50300EE28773A5D00611C62 /* Build configuration list for PBXProject "idorm" */ = {
			isa = XCConfigurationList;
			buildConfigurations = (
				E503010528773A5E00611C62 /* Debug */,
				E503010628773A5E00611C62 /* Release */,
			);
			defaultConfigurationIsVisible = 0;
			defaultConfigurationName = Release;
		};
		E503010728773A5E00611C62 /* Build configuration list for PBXNativeTarget "idorm" */ = {
			isa = XCConfigurationList;
			buildConfigurations = (
				E503010828773A5E00611C62 /* Debug */,
				E503010928773A5E00611C62 /* Release */,
			);
			defaultConfigurationIsVisible = 0;
			defaultConfigurationName = Release;
		};
/* End XCConfigurationList section */

/* Begin XCRemoteSwiftPackageReference section */
		E5290F0A288832630004B8E6 /* XCRemoteSwiftPackageReference "RSKGrowingTextView" */ = {
			isa = XCRemoteSwiftPackageReference;
			repositoryURL = "https://github.com/ruslanskorb/RSKGrowingTextView.git";
			requirement = {
				kind = upToNextMinorVersion;
				minimumVersion = 6.1.0;
			};
		};
		E5340E88289C713D0030A44F /* XCRemoteSwiftPackageReference "RxDataSources" */ = {
			isa = XCRemoteSwiftPackageReference;
			repositoryURL = "https://github.com/RxSwiftCommunity/RxDataSources.git";
			requirement = {
				kind = upToNextMinorVersion;
				minimumVersion = 5.0.0;
			};
		};
		E563421C28780C3800E93D17 /* XCRemoteSwiftPackageReference "SnapKit" */ = {
			isa = XCRemoteSwiftPackageReference;
			repositoryURL = "https://github.com/SnapKit/SnapKit.git";
			requirement = {
				kind = upToNextMinorVersion;
				minimumVersion = 5.6.0;
			};
		};
		E57A42CA289596D8003D5834 /* XCRemoteSwiftPackageReference "cardslider" */ = {
			isa = XCRemoteSwiftPackageReference;
			repositoryURL = "https://github.com/Ramotion/cardslider.git";
			requirement = {
				kind = upToNextMinorVersion;
				minimumVersion = 0.1.0;
			};
		};
		E57E48F42899666000D00BDB /* XCRemoteSwiftPackageReference "RxSwift" */ = {
			isa = XCRemoteSwiftPackageReference;
			repositoryURL = "https://github.com/ReactiveX/RxSwift.git";
			requirement = {
				kind = upToNextMinorVersion;
				minimumVersion = 6.5.0;
			};
		};
		E58ACB83288465970031BD86 /* XCRemoteSwiftPackageReference "FMPhotoPicker" */ = {
			isa = XCRemoteSwiftPackageReference;
			repositoryURL = "https://github.com/congnd/FMPhotoPicker.git";
			requirement = {
				kind = upToNextMinorVersion;
				minimumVersion = 1.3.0;
			};
		};
		E5B15F6B287FCEFE004D4164 /* XCRemoteSwiftPackageReference "RSKPlaceholderTextView" */ = {
			isa = XCRemoteSwiftPackageReference;
			repositoryURL = "https://github.com/ruslanskorb/RSKPlaceholderTextView.git";
			requirement = {
				kind = upToNextMinorVersion;
				minimumVersion = 6.1.0;
			};
		};
		E5C889042889729800CBD04E /* XCRemoteSwiftPackageReference "PanModal" */ = {
			isa = XCRemoteSwiftPackageReference;
			repositoryURL = "https://github.com/slackhq/PanModal.git";
			requirement = {
				kind = upToNextMinorVersion;
				minimumVersion = 1.2.0;
			};
		};
		E5D0374F288CFDE800080482 /* XCRemoteSwiftPackageReference "CHIOTPField" */ = {
			isa = XCRemoteSwiftPackageReference;
			repositoryURL = "https://github.com/ChiliLabs/CHIOTPField.git";
			requirement = {
				kind = upToNextMinorVersion;
				minimumVersion = 0.1.0;
			};
		};
		E5D31BED289A8A6700510315 /* XCRemoteSwiftPackageReference "RxKeyboard" */ = {
			isa = XCRemoteSwiftPackageReference;
			repositoryURL = "https://github.com/RxSwiftCommunity/RxKeyboard.git";
			requirement = {
				kind = upToNextMinorVersion;
				minimumVersion = 2.0.0;
			};
		};
		E5D31BF4289ABCE100510315 /* XCRemoteSwiftPackageReference "Tabman" */ = {
			isa = XCRemoteSwiftPackageReference;
			repositoryURL = "https://github.com/uias/Tabman.git";
			requirement = {
				kind = upToNextMinorVersion;
				minimumVersion = 2.9.0;
			};
		};
/* End XCRemoteSwiftPackageReference section */

/* Begin XCSwiftPackageProductDependency section */
		E5290F0B288832630004B8E6 /* RSKGrowingTextView */ = {
			isa = XCSwiftPackageProductDependency;
			package = E5290F0A288832630004B8E6 /* XCRemoteSwiftPackageReference "RSKGrowingTextView" */;
			productName = RSKGrowingTextView;
		};
		E5340E89289C713D0030A44F /* RxDataSources */ = {
			isa = XCSwiftPackageProductDependency;
			package = E5340E88289C713D0030A44F /* XCRemoteSwiftPackageReference "RxDataSources" */;
			productName = RxDataSources;
		};
		E563421D28780C3800E93D17 /* SnapKit */ = {
			isa = XCSwiftPackageProductDependency;
			package = E563421C28780C3800E93D17 /* XCRemoteSwiftPackageReference "SnapKit" */;
			productName = SnapKit;
		};
		E57A42CB289596D8003D5834 /* CardSlider */ = {
			isa = XCSwiftPackageProductDependency;
			package = E57A42CA289596D8003D5834 /* XCRemoteSwiftPackageReference "cardslider" */;
			productName = CardSlider;
		};
		E57E48F52899666000D00BDB /* RxCocoa */ = {
			isa = XCSwiftPackageProductDependency;
			package = E57E48F42899666000D00BDB /* XCRemoteSwiftPackageReference "RxSwift" */;
			productName = RxCocoa;
		};
		E57E48F72899666000D00BDB /* RxRelay */ = {
			isa = XCSwiftPackageProductDependency;
			package = E57E48F42899666000D00BDB /* XCRemoteSwiftPackageReference "RxSwift" */;
			productName = RxRelay;
		};
		E57E48F92899666000D00BDB /* RxSwift */ = {
			isa = XCSwiftPackageProductDependency;
			package = E57E48F42899666000D00BDB /* XCRemoteSwiftPackageReference "RxSwift" */;
			productName = RxSwift;
		};
		E58ACB84288465970031BD86 /* FMPhotoPicker */ = {
			isa = XCSwiftPackageProductDependency;
			package = E58ACB83288465970031BD86 /* XCRemoteSwiftPackageReference "FMPhotoPicker" */;
			productName = FMPhotoPicker;
		};
		E5B15F6C287FCEFE004D4164 /* RSKPlaceholderTextView */ = {
			isa = XCSwiftPackageProductDependency;
			package = E5B15F6B287FCEFE004D4164 /* XCRemoteSwiftPackageReference "RSKPlaceholderTextView" */;
			productName = RSKPlaceholderTextView;
		};
		E5C889052889729800CBD04E /* PanModal */ = {
			isa = XCSwiftPackageProductDependency;
			package = E5C889042889729800CBD04E /* XCRemoteSwiftPackageReference "PanModal" */;
			productName = PanModal;
		};
		E5D03750288CFDE800080482 /* CHIOTPField */ = {
			isa = XCSwiftPackageProductDependency;
			package = E5D0374F288CFDE800080482 /* XCRemoteSwiftPackageReference "CHIOTPField" */;
			productName = CHIOTPField;
		};
		E5D31BEE289A8A6700510315 /* RxKeyboard */ = {
			isa = XCSwiftPackageProductDependency;
			package = E5D31BED289A8A6700510315 /* XCRemoteSwiftPackageReference "RxKeyboard" */;
			productName = RxKeyboard;
		};
		E5D31BF5289ABCE100510315 /* Tabman */ = {
			isa = XCSwiftPackageProductDependency;
			package = E5D31BF4289ABCE100510315 /* XCRemoteSwiftPackageReference "Tabman" */;
			productName = Tabman;
		};
/* End XCSwiftPackageProductDependency section */
	};
	rootObject = E50300EB28773A5D00611C62 /* Project object */;
}
